<?xml version="1.0" encoding="utf-8"?>
<Project ToolsVersion="4.0" xmlns="http://schemas.microsoft.com/developer/msbuild/2003">
  <ItemGroup>
    <Filter Include="Source Files">
      <UniqueIdentifier>{4FC737F1-C7A5-4376-A066-2A32D752A2FF}</UniqueIdentifier>
      <Extensions>cpp;c;cc;cxx;def;odl;idl;hpj;bat;asm;asmx</Extensions>
    </Filter>
    <Filter Include="Header Files">
      <UniqueIdentifier>{93995380-89BD-4b04-88EB-625FBE52EBFB}</UniqueIdentifier>
      <Extensions>h;hpp;hxx;hm;inl;inc;xsd</Extensions>
    </Filter>
    <Filter Include="Resource Files">
      <UniqueIdentifier>{67DA6AB6-F800-4c08-8B7A-83BB121AAD01}</UniqueIdentifier>
      <Extensions>rc;ico;cur;bmp;dlg;rc2;rct;bin;rgs;gif;jpg;jpeg;jpe;resx;tiff;tif;png;wav</Extensions>
    </Filter>
  </ItemGroup>
  <ItemGroup>
    <ClCompile Include="src\CreateSampleShape.cpp">
      <Filter>Source Files</Filter>
    </ClCompile>
    <ClCompile Include="src\UpdateInstrumentFromRaw.cpp">
      <Filter>Source Files</Filter>
    </ClCompile>
    <ClCompile Include="src\FindDetectorsInShape.cpp">
      <Filter>Source Files</Filter>
    </ClCompile>
    <ClCompile Include="src\GetMaskedDetectors.cpp">
      <Filter>Source Files</Filter>
    </ClCompile>
    <ClCompile Include="src\GroupDetectors.cpp">
      <Filter>Source Files</Filter>
    </ClCompile>
    <ClCompile Include="src\GroupDetectors2.cpp">
      <Filter>Source Files</Filter>
    </ClCompile>
    <ClCompile Include="src\LoadAscii.cpp">
      <Filter>Source Files</Filter>
    </ClCompile>
    <ClCompile Include="src\LoadCanSAS1D.cpp">
      <Filter>Source Files</Filter>
    </ClCompile>
    <ClCompile Include="src\LoadDAE.cpp">
      <Filter>Source Files</Filter>
    </ClCompile>
    <ClCompile Include="src\LoadDetectorInfo.cpp">
      <Filter>Source Files</Filter>
    </ClCompile>
    <ClCompile Include="src\LoadEmptyInstrument.cpp">
      <Filter>Source Files</Filter>
    </ClCompile>
    <ClCompile Include="src\LoadEventPreNeXus.cpp">
      <Filter>Source Files</Filter>
    </ClCompile>
    <ClCompile Include="src\LoadInstrument.cpp">
      <Filter>Source Files</Filter>
    </ClCompile>
    <ClCompile Include="src\LoadInstrumentFromRaw.cpp">
      <Filter>Source Files</Filter>
    </ClCompile>
    <ClCompile Include="src\LoadLog.cpp">
      <Filter>Source Files</Filter>
    </ClCompile>
    <ClCompile Include="src\LoadLOQDistancesFromRaw.cpp">
      <Filter>Source Files</Filter>
    </ClCompile>
    <ClCompile Include="src\LoadMappingTable.cpp">
      <Filter>Source Files</Filter>
    </ClCompile>
    <ClCompile Include="src\LoadParameterFile.cpp">
      <Filter>Source Files</Filter>
    </ClCompile>
    <ClCompile Include="src\LoadRaw.cpp">
      <Filter>Source Files</Filter>
    </ClCompile>
    <ClCompile Include="src\LoadRaw2.cpp">
      <Filter>Source Files</Filter>
    </ClCompile>
    <ClCompile Include="src\LoadRaw3.cpp">
      <Filter>Source Files</Filter>
    </ClCompile>
    <ClCompile Include="src\LoadRawBin0.cpp">
      <Filter>Source Files</Filter>
    </ClCompile>
    <ClCompile Include="src\LoadRawHelper.cpp">
      <Filter>Source Files</Filter>
    </ClCompile>
    <ClCompile Include="src\LoadRawSpectrum0.cpp">
      <Filter>Source Files</Filter>
    </ClCompile>
    <ClCompile Include="src\LoadRKH.cpp">
      <Filter>Source Files</Filter>
    </ClCompile>
    <ClCompile Include="src\LoadSampleDetailsFromRaw.cpp">
      <Filter>Source Files</Filter>
    </ClCompile>
    <ClCompile Include="src\LoadSPE.cpp">
      <Filter>Source Files</Filter>
    </ClCompile>
    <ClCompile Include="src\LoadSpice2D.cpp">
      <Filter>Source Files</Filter>
    </ClCompile>
    <ClCompile Include="src\ManagedRawFileWorkspace2D.cpp">
      <Filter>Source Files</Filter>
    </ClCompile>
    <ClCompile Include="src\MaskDetectors.cpp">
      <Filter>Source Files</Filter>
    </ClCompile>
    <ClCompile Include="src\MaskDetectorsInShape.cpp">
      <Filter>Source Files</Filter>
    </ClCompile>
    <ClCompile Include="src\MoveInstrumentComponent.cpp">
      <Filter>Source Files</Filter>
    </ClCompile>
    <ClCompile Include="src\RawFileInfo.cpp">
      <Filter>Source Files</Filter>
    </ClCompile>
    <ClCompile Include="src\RotateInstrumentComponent.cpp">
      <Filter>Source Files</Filter>
    </ClCompile>
    <ClCompile Include="src\SaveAscii.cpp">
      <Filter>Source Files</Filter>
    </ClCompile>
    <ClCompile Include="src\SaveCanSAS1D.cpp">
      <Filter>Source Files</Filter>
    </ClCompile>
    <ClCompile Include="src\SaveCSV.cpp">
      <Filter>Source Files</Filter>
    </ClCompile>
    <ClCompile Include="src\SaveDASC.cpp">
      <Filter>Source Files</Filter>
    </ClCompile>
    <ClCompile Include="src\SaveFocusedXYE.cpp">
      <Filter>Source Files</Filter>
    </ClCompile>
    <ClCompile Include="src\SaveGSS.cpp">
      <Filter>Source Files</Filter>
    </ClCompile>
    <ClCompile Include="src\SaveRKH.cpp">
      <Filter>Source Files</Filter>
    </ClCompile>
    <ClCompile Include="src\SaveSPE.cpp">
      <Filter>Source Files</Filter>
    </ClCompile>
    <ClCompile Include="src\SaveVTK.cpp">
      <Filter>Source Files</Filter>
    </ClCompile>
    <ClCompile Include="src\SetScalingPSD.cpp">
      <Filter>Source Files</Filter>
    </ClCompile>
    <ClCompile Include="src\LoadDAE\idc.cpp">
      <Filter>Source Files</Filter>
    </ClCompile>
    <ClCompile Include="src\LoadDAE\isisds_command.cpp">
      <Filter>Source Files</Filter>
    </ClCompile>
    <ClCompile Include="src\LoadRaw\byte_rel_comp.cpp">
      <Filter>Source Files</Filter>
    </ClCompile>
    <ClCompile Include="src\LoadRaw\isisraw.cpp">
      <Filter>Source Files</Filter>
    </ClCompile>
    <ClCompile Include="src\LoadRaw\isisraw2.cpp">
      <Filter>Source Files</Filter>
    </ClCompile>
    <ClCompile Include="src\LoadRaw\item_struct.cpp">
      <Filter>Source Files</Filter>
    </ClCompile>
    <ClCompile Include="src\LoadRaw\vms_convert.cpp">
      <Filter>Source Files</Filter>
    </ClCompile>
    <ClCompile Include="src\ISISDataArchive.cpp">
      <Filter>Source Files</Filter>
    </ClCompile>
    <ClCompile Include="src\Load.cpp">
      <Filter>Source Files</Filter>
    </ClCompile>
    <ClCompile Include="src\LoadGSS.cpp">
      <Filter>Source Files</Filter>
    </ClCompile>
    <ClCompile Include="src\LoadPreNeXusMonitors.cpp">
      <Filter>Source Files</Filter>
    </ClCompile>
    <ClCompile Include="src\LoadSNSspec.cpp">
      <Filter>Source Files</Filter>
    </ClCompile>
    <ClCompile Include="src\LoadSpec.cpp">
      <Filter>Source Files</Filter>
    </ClCompile>
    <ClCompile Include="src\DefineGaugeVolume.cpp">
      <Filter>Source Files</Filter>
    </ClCompile>
    <ClCompile Include="src\LoadInstrumentHelper.cpp">
      <Filter>Source Files</Filter>
    </ClCompile>
    <ClCompile Include="src\SavePHX.cpp">
      <Filter>Source Files</Filter>
    </ClCompile>
  </ItemGroup>
  <ItemGroup>
    <ClInclude Include="test\AlignDetectorsTest.h">
      <Filter>Header Files</Filter>
    </ClInclude>
    <ClInclude Include="src\LoadRaw\byte_rel_comp.h">
      <Filter>Header Files</Filter>
    </ClInclude>
    <ClInclude Include="inc\MantidDataHandling\CreateSampleShape.h">
      <Filter>Header Files</Filter>
    </ClInclude>
    <ClInclude Include="test\CreateSampleShapeTest.h">
      <Filter>Header Files</Filter>
    </ClInclude>
    <ClInclude Include="inc\MantidDataHandling\FindDetectorsInShape.h">
      <Filter>Header Files</Filter>
    </ClInclude>
    <ClInclude Include="test\FindDetectorsInShapeTest.h">
      <Filter>Header Files</Filter>
    </ClInclude>
    <ClInclude Include="inc\MantidDataHandling\GroupDetectors.h">
      <Filter>Header Files</Filter>
    </ClInclude>
    <ClInclude Include="inc\MantidDataHandling\GroupDetectors2.h">
      <Filter>Header Files</Filter>
    </ClInclude>
    <ClInclude Include="test\GroupDetectors2Test.h">
      <Filter>Header Files</Filter>
    </ClInclude>
    <ClInclude Include="test\GroupDetectorsTest.h">
      <Filter>Header Files</Filter>
    </ClInclude>
    <ClInclude Include="src\LoadDAE\idc.h">
      <Filter>Header Files</Filter>
    </ClInclude>
    <ClInclude Include="src\LoadDAE\isisds_command.h">
      <Filter>Header Files</Filter>
    </ClInclude>
    <ClInclude Include="src\LoadRaw\isisraw.h">
      <Filter>Header Files</Filter>
    </ClInclude>
    <ClInclude Include="src\LoadRaw\isisraw2.h">
      <Filter>Header Files</Filter>
    </ClInclude>
    <ClInclude Include="src\LoadRaw\item_struct.h">
      <Filter>Header Files</Filter>
    </ClInclude>
    <ClInclude Include="inc\MantidDataHandling\LoadAscii.h">
      <Filter>Header Files</Filter>
    </ClInclude>
    <ClInclude Include="inc\MantidDataHandling\LoadCanSAS1D.h">
      <Filter>Header Files</Filter>
    </ClInclude>
    <ClInclude Include="inc\MantidDataHandling\LoadDAE.h">
      <Filter>Header Files</Filter>
    </ClInclude>
    <ClInclude Include="test\LoadDAETest.h">
      <Filter>Header Files</Filter>
    </ClInclude>
    <ClInclude Include="inc\MantidDataHandling\LoadDetectorInfo.h">
      <Filter>Header Files</Filter>
    </ClInclude>
    <ClInclude Include="test\LoadDetectorInfoTest.h">
      <Filter>Header Files</Filter>
    </ClInclude>
    <ClInclude Include="inc\MantidDataHandling\LoadEmptyInstrument.h">
      <Filter>Header Files</Filter>
    </ClInclude>
    <ClInclude Include="test\LoadEmptyInstrumentTest.h">
      <Filter>Header Files</Filter>
    </ClInclude>
    <ClInclude Include="inc\MantidDataHandling\LoadEventPreNeXus.h">
      <Filter>Header Files</Filter>
    </ClInclude>
    <ClInclude Include="inc\MantidDataHandling\LoadInstrument.h">
      <Filter>Header Files</Filter>
    </ClInclude>
    <ClInclude Include="inc\MantidDataHandling\LoadInstrumentFromRaw.h">
      <Filter>Header Files</Filter>
    </ClInclude>
    <ClInclude Include="test\LoadInstrumentFromRawTest.h">
      <Filter>Header Files</Filter>
    </ClInclude>
    <ClInclude Include="test\LoadInstrumentTest.h">
      <Filter>Header Files</Filter>
    </ClInclude>
    <ClInclude Include="inc\MantidDataHandling\LoadLog.h">
      <Filter>Header Files</Filter>
    </ClInclude>
    <ClInclude Include="test\LoadLogTest.h">
      <Filter>Header Files</Filter>
    </ClInclude>
    <ClInclude Include="inc\MantidDataHandling\LoadLOQDistancesFromRaw.h">
      <Filter>Header Files</Filter>
    </ClInclude>
    <ClInclude Include="inc\MantidDataHandling\LoadMappingTable.h">
      <Filter>Header Files</Filter>
    </ClInclude>
    <ClInclude Include="test\LoadMappingTableTest.h">
      <Filter>Header Files</Filter>
    </ClInclude>
    <ClInclude Include="inc\MantidDataHandling\LoadParameterFile.h">
      <Filter>Header Files</Filter>
    </ClInclude>
    <ClInclude Include="test\LoadParameterFileTest.h">
      <Filter>Header Files</Filter>
    </ClInclude>
    <ClInclude Include="inc\MantidDataHandling\LoadRaw.h">
      <Filter>Header Files</Filter>
    </ClInclude>
    <ClInclude Include="inc\MantidDataHandling\LoadRaw2.h">
      <Filter>Header Files</Filter>
    </ClInclude>
    <ClInclude Include="test\LoadRaw2Test.h">
      <Filter>Header Files</Filter>
    </ClInclude>
    <ClInclude Include="inc\MantidDataHandling\LoadRaw3.h">
      <Filter>Header Files</Filter>
    </ClInclude>
    <ClInclude Include="test\LoadRaw3Test.h">
      <Filter>Header Files</Filter>
    </ClInclude>
    <ClInclude Include="inc\MantidDataHandling\LoadRawBin0.h">
      <Filter>Header Files</Filter>
    </ClInclude>
    <ClInclude Include="test\LoadRawBin0Test.h">
      <Filter>Header Files</Filter>
    </ClInclude>
    <ClInclude Include="inc\MantidDataHandling\LoadRawHelper.h">
      <Filter>Header Files</Filter>
    </ClInclude>
    <ClInclude Include="test\LoadRawTest.h">
      <Filter>Header Files</Filter>
    </ClInclude>
    <ClInclude Include="inc\MantidDataHandling\LoadRKH.h">
      <Filter>Header Files</Filter>
    </ClInclude>
    <ClInclude Include="test\LoadRKHTest.h">
      <Filter>Header Files</Filter>
    </ClInclude>
    <ClInclude Include="inc\MantidDataHandling\LoadSampleDetailsFromRaw.h">
      <Filter>Header Files</Filter>
    </ClInclude>
    <ClInclude Include="test\LoadSaveAsciiTest.h">
      <Filter>Header Files</Filter>
    </ClInclude>
    <ClInclude Include="inc\MantidDataHandling\LoadSPE.h">
      <Filter>Header Files</Filter>
    </ClInclude>
    <ClInclude Include="inc\MantidDataHandling\LoadSpice2D.h">
      <Filter>Header Files</Filter>
    </ClInclude>
    <ClInclude Include="inc\MantidDataHandling\ManagedRawFileWorkspace2D.h">
      <Filter>Header Files</Filter>
    </ClInclude>
    <ClInclude Include="test\ManagedRawFileWorkspace2DTest.h">
      <Filter>Header Files</Filter>
    </ClInclude>
    <ClInclude Include="inc\MantidDataHandling\MaskDetectors.h">
      <Filter>Header Files</Filter>
    </ClInclude>
    <ClInclude Include="inc\MantidDataHandling\MaskDetectorsInShape.h">
      <Filter>Header Files</Filter>
    </ClInclude>
    <ClInclude Include="test\MaskDetectorsInShapeTest.h">
      <Filter>Header Files</Filter>
    </ClInclude>
    <ClInclude Include="test\MaskDetectorsTest.h">
      <Filter>Header Files</Filter>
    </ClInclude>
    <ClInclude Include="inc\MantidDataHandling\MoveInstrumentComponent.h">
      <Filter>Header Files</Filter>
    </ClInclude>
    <ClInclude Include="test\MoveInstrumentComponentTest.h">
      <Filter>Header Files</Filter>
    </ClInclude>
    <ClInclude Include="inc\MantidDataHandling\RawFileInfo.h">
      <Filter>Header Files</Filter>
    </ClInclude>
    <ClInclude Include="test\RawFileInfoTest.h">
      <Filter>Header Files</Filter>
    </ClInclude>
    <ClInclude Include="inc\MantidDataHandling\RotateInstrumentComponent.h">
      <Filter>Header Files</Filter>
    </ClInclude>
    <ClInclude Include="inc\MantidDataHandling\SaveAscii.h">
      <Filter>Header Files</Filter>
    </ClInclude>
    <ClInclude Include="inc\MantidDataHandling\SaveCanSAS1D.h">
      <Filter>Header Files</Filter>
    </ClInclude>
    <ClInclude Include="inc\MantidDataHandling\SaveCSV.h">
      <Filter>Header Files</Filter>
    </ClInclude>
    <ClInclude Include="test\SaveCSVTest.h">
      <Filter>Header Files</Filter>
    </ClInclude>
    <ClInclude Include="inc\MantidDataHandling\SaveDASC.h">
      <Filter>Header Files</Filter>
    </ClInclude>
    <ClInclude Include="inc\MantidDataHandling\SaveFocusedXYE.h">
      <Filter>Header Files</Filter>
    </ClInclude>
    <ClInclude Include="test\SaveFocussedXYETest.h">
      <Filter>Header Files</Filter>
    </ClInclude>
    <ClInclude Include="inc\MantidDataHandling\SaveGSS.h">
      <Filter>Header Files</Filter>
    </ClInclude>
    <ClInclude Include="inc\MantidDataHandling\SaveRKH.h">
      <Filter>Header Files</Filter>
    </ClInclude>
    <ClInclude Include="test\SaveRKHTest.h">
      <Filter>Header Files</Filter>
    </ClInclude>
    <ClInclude Include="inc\MantidDataHandling\SaveSPE.h">
      <Filter>Header Files</Filter>
    </ClInclude>
    <ClInclude Include="inc\MantidDataHandling\SaveVTK.h">
      <Filter>Header Files</Filter>
    </ClInclude>
    <ClInclude Include="inc\MantidDataHandling\SetScalingPSD.h">
      <Filter>Header Files</Filter>
    </ClInclude>
    <ClInclude Include="test\SetScalingPSDrawtest.h">
      <Filter>Header Files</Filter>
    </ClInclude>
    <ClInclude Include="test\SetScalingPSDtest.h">
      <Filter>Header Files</Filter>
    </ClInclude>
    <ClInclude Include="inc\MantidDataHandling\UpdateInstrumentFromRaw.h">
      <Filter>Header Files</Filter>
    </ClInclude>
    <ClInclude Include="test\UpdateInstrumentFromRawTest.h">
      <Filter>Header Files</Filter>
    </ClInclude>
    <ClInclude Include="src\LoadRaw\vms_convert.h">
      <Filter>Header Files</Filter>
    </ClInclude>
    <ClInclude Include="test\XMLlogfileTest.h">
      <Filter>Header Files</Filter>
    </ClInclude>
    <ClInclude Include="inc\mantiddatahandling\isisdataarchive.h">
      <Filter>Header Files</Filter>
    </ClInclude>
    <ClInclude Include="inc\mantiddatahandling\getmaskeddetectors.h">
      <Filter>Header Files</Filter>
    </ClInclude>
    <ClInclude Include="inc\mantiddatahandling\loadrawspectrum0.h">
      <Filter>Header Files</Filter>
    </ClInclude>
    <ClInclude Include="inc\mantiddatahandling\load.h">
      <Filter>Header Files</Filter>
    </ClInclude>
    <ClInclude Include="inc\MantidDataHandling\LoadGSS.h">
      <Filter>Header Files</Filter>
    </ClInclude>
    <ClInclude Include="inc\MantidDataHandling\LoadPreNeXusMonitors.h">
      <Filter>Header Files</Filter>
    </ClInclude>
    <ClInclude Include="inc\MantidDataHandling\LoadSNSspec.h">
      <Filter>Header Files</Filter>
    </ClInclude>
    <ClInclude Include="inc\MantidDataHandling\LoadSpec.h">
      <Filter>Header Files</Filter>
    </ClInclude>
    <ClInclude Include="inc\MantidDataHandling\DefineGaugeVolume.h">
      <Filter>Header Files</Filter>
    </ClInclude>
    <ClInclude Include="inc\MantidDataHandling\LoadInstrumentHelper.h">
      <Filter>Header Files</Filter>
    </ClInclude>
    <ClInclude Include="test\LoadInstrumentHelperTest.h">
      <Filter>Header Files</Filter>
    </ClInclude>
    <ClInclude Include="inc\MantidDataHandling\SavePHX.h">
      <Filter>Header Files</Filter>
    </ClInclude>
  </ItemGroup>
</Project>