<?xml version="1.0" encoding="utf-8"?>
<Project ToolsVersion="4.0" xmlns="http://schemas.microsoft.com/developer/msbuild/2003">
  <ItemGroup>
    <Filter Include="Source Files">
      <UniqueIdentifier>{4FC737F1-C7A5-4376-A066-2A32D752A2FF}</UniqueIdentifier>
      <Extensions>cpp;c;cc;cxx;def;odl;idl;hpj;bat;asm;asmx</Extensions>
    </Filter>
    <Filter Include="Header Files">
      <UniqueIdentifier>{93995380-89BD-4b04-88EB-625FBE52EBFB}</UniqueIdentifier>
      <Extensions>h;hpp;hxx;hm;inl;inc;xsd</Extensions>
    </Filter>
    <Filter Include="Resource Files">
      <UniqueIdentifier>{67DA6AB6-F800-4c08-8B7A-83BB121AAD01}</UniqueIdentifier>
      <Extensions>rc;ico;cur;bmp;dlg;rc2;rct;bin;rgs;gif;jpg;jpeg;jpe;resx;tiff;tif;png;wav</Extensions>
    </Filter>
  </ItemGroup>
  <ItemGroup>
    <ClCompile Include="src\ArrayProperty.cpp">
      <Filter>Source Files</Filter>
    </ClCompile>
    <ClCompile Include="src\ConfigService.cpp">
      <Filter>Source Files</Filter>
    </ClCompile>
    <ClCompile Include="src\DateAndTime.cpp">
      <Filter>Source Files</Filter>
    </ClCompile>
    <ClCompile Include="src\DllOpen.cpp">
      <Filter>Source Files</Filter>
    </ClCompile>
    <ClCompile Include="src\EnvironmentHistory.cpp">
      <Filter>Source Files</Filter>
    </ClCompile>
    <ClCompile Include="src\Exception.cpp">
      <Filter>Source Files</Filter>
    </ClCompile>
    <ClCompile Include="src\FileValidator.cpp">
      <Filter>Source Files</Filter>
    </ClCompile>
    <ClCompile Include="src\FilterChannel.cpp">
      <Filter>Source Files</Filter>
    </ClCompile>
    <ClCompile Include="src\Glob.cpp">
      <Filter>Source Files</Filter>
    </ClCompile>
    <ClCompile Include="src\Interpolation.cpp">
      <Filter>Source Files</Filter>
    </ClCompile>
    <ClCompile Include="src\IPropertyManager.cpp">
      <Filter>Source Files</Filter>
    </ClCompile>
    <ClCompile Include="src\LibraryManager.cpp">
      <Filter>Source Files</Filter>
    </ClCompile>
    <ClCompile Include="src\LibraryWrapper.cpp">
      <Filter>Source Files</Filter>
    </ClCompile>
    <ClCompile Include="src\ListValidator.cpp">
      <Filter>Source Files</Filter>
    </ClCompile>
    <ClCompile Include="src\LogFilter.cpp">
      <Filter>Source Files</Filter>
    </ClCompile>
    <ClCompile Include="src\Logger.cpp">
      <Filter>Source Files</Filter>
    </ClCompile>
    <ClCompile Include="src\MandatoryValidator.cpp">
      <Filter>Source Files</Filter>
    </ClCompile>
    <ClCompile Include="src\MaskedProperty.cpp">
      <Filter>Source Files</Filter>
    </ClCompile>
    <ClCompile Include="src\Property.cpp">
      <Filter>Source Files</Filter>
    </ClCompile>
    <ClCompile Include="src\PropertyHistory.cpp">
      <Filter>Source Files</Filter>
    </ClCompile>
    <ClCompile Include="src\PropertyManager.cpp">
      <Filter>Source Files</Filter>
    </ClCompile>
    <ClCompile Include="src\PropertyManagerOwner.cpp">
      <Filter>Source Files</Filter>
    </ClCompile>
    <ClCompile Include="src\PropertyWithValue.cpp">
      <Filter>Source Files</Filter>
    </ClCompile>
    <ClCompile Include="src\RebinParamsValidator.cpp">
      <Filter>Source Files</Filter>
    </ClCompile>
    <ClCompile Include="src\SignalChannel.cpp">
      <Filter>Source Files</Filter>
    </ClCompile>
    <ClCompile Include="src\SingletonHolder.cpp">
      <Filter>Source Files</Filter>
    </ClCompile>
    <ClCompile Include="src\SupportBasic.cpp">
      <Filter>Source Files</Filter>
    </ClCompile>
    <ClCompile Include="src\SupportKernel.cpp">
      <Filter>Source Files</Filter>
    </ClCompile>
    <ClCompile Include="src\System.cpp">
      <Filter>Source Files</Filter>
    </ClCompile>
    <ClCompile Include="src\ThreadSafeLogStream.cpp">
      <Filter>Source Files</Filter>
    </ClCompile>
    <ClCompile Include="src\Timer.cpp">
      <Filter>Source Files</Filter>
    </ClCompile>
    <ClCompile Include="src\TimeSeriesProperty.cpp">
      <Filter>Source Files</Filter>
    </ClCompile>
    <ClCompile Include="src\Unit.cpp">
      <Filter>Source Files</Filter>
    </ClCompile>
    <ClCompile Include="src\UnitFactory.cpp">
      <Filter>Source Files</Filter>
    </ClCompile>
    <ClCompile Include="src\VectorHelper.cpp">
      <Filter>Source Files</Filter>
    </ClCompile>
    <ClCompile Include="src\FacilityInfo.cpp">
      <Filter>Source Files</Filter>
    </ClCompile>
    <ClCompile Include="src\InstrumentInfo.cpp">
      <Filter>Source Files</Filter>
    </ClCompile>
    <ClCompile Include="src\BinFinder.cpp">
      <Filter>Source Files</Filter>
    </ClCompile>
    <ClCompile Include="src\DateValidator.cpp">
      <Filter>Source Files</Filter>
    </ClCompile>
    <ClCompile Include="src\TimeSplitter.cpp">
      <Filter>Source Files</Filter>
    </ClCompile>
    <ClCompile Include="src\LogParser.cpp">
      <Filter>Source Files</Filter>
    </ClCompile>
    <ClCompile Include="src\NeutronAtom.cpp">
      <Filter>Source Files</Filter>
    </ClCompile>
    <ClCompile Include="src\ArrayBoundedValidator.cpp">
      <Filter>Source Files</Filter>
    </ClCompile>
    <ClCompile Include="src\DirectoryValidator.cpp">
      <Filter>Source Files</Filter>
    </ClCompile>
  </ItemGroup>
  <ItemGroup>
    <ClInclude Include="inc\MantidKernel\ArrayProperty.h">
      <Filter>Header Files</Filter>
    </ClInclude>
    <ClInclude Include="test\ArrayPropertyTest.h">
      <Filter>Header Files</Filter>
    </ClInclude>
    <ClInclude Include="inc\MantidKernel\BoundedValidator.h">
      <Filter>Header Files</Filter>
    </ClInclude>
    <ClInclude Include="test\BoundedValidatorTest.h">
      <Filter>Header Files</Filter>
    </ClInclude>
    <ClInclude Include="inc\MantidKernel\Cache.h">
      <Filter>Header Files</Filter>
    </ClInclude>
    <ClInclude Include="test\CacheTest.h">
      <Filter>Header Files</Filter>
    </ClInclude>
    <ClInclude Include="inc\MantidKernel\ConfigService.h">
      <Filter>Header Files</Filter>
    </ClInclude>
    <ClInclude Include="test\ConfigServiceTest.h">
      <Filter>Header Files</Filter>
    </ClInclude>
    <ClInclude Include="inc\MantidKernel\cow_ptr.h">
      <Filter>Header Files</Filter>
    </ClInclude>
    <ClInclude Include="inc\MantidKernel\DataService.h">
      <Filter>Header Files</Filter>
    </ClInclude>
    <ClInclude Include="inc\MantidKernel\DateAndTime.h">
      <Filter>Header Files</Filter>
    </ClInclude>
    <ClInclude Include="inc\MantidKernel\DllExport.h">
      <Filter>Header Files</Filter>
    </ClInclude>
    <ClInclude Include="inc\MantidKernel\DllOpen.h">
      <Filter>Header Files</Filter>
    </ClInclude>
    <ClInclude Include="inc\MantidKernel\DocumentationHeader.h">
      <Filter>Header Files</Filter>
    </ClInclude>
    <ClInclude Include="inc\MantidKernel\DynamicFactory.h">
      <Filter>Header Files</Filter>
    </ClInclude>
    <ClInclude Include="test\DynamicFactoryTest.h">
      <Filter>Header Files</Filter>
    </ClInclude>
    <ClInclude Include="inc\MantidKernel\EnvironmentHistory.h">
      <Filter>Header Files</Filter>
    </ClInclude>
    <ClInclude Include="inc\MantidKernel\Exception.h">
      <Filter>Header Files</Filter>
    </ClInclude>
    <ClInclude Include="inc\MantidKernel\Fast_Exponential.h">
      <Filter>Header Files</Filter>
    </ClInclude>
    <ClInclude Include="inc\MantidKernel\FileValidator.h">
      <Filter>Header Files</Filter>
    </ClInclude>
    <ClInclude Include="test\FileValidatorTest.h">
      <Filter>Header Files</Filter>
    </ClInclude>
    <ClInclude Include="inc\MantidKernel\FilterChannel.h">
      <Filter>Header Files</Filter>
    </ClInclude>
    <ClInclude Include="test\FilterChannelTest.h">
      <Filter>Header Files</Filter>
    </ClInclude>
    <ClInclude Include="inc\MantidKernel\Glob.h">
      <Filter>Header Files</Filter>
    </ClInclude>
    <ClInclude Include="inc\MantidKernel\Instantiator.h">
      <Filter>Header Files</Filter>
    </ClInclude>
    <ClInclude Include="inc\MantidKernel\Interpolation.h">
      <Filter>Header Files</Filter>
    </ClInclude>
    <ClInclude Include="test\InterpolationTest.h">
      <Filter>Header Files</Filter>
    </ClInclude>
    <ClInclude Include="inc\MantidKernel\IPropertyManager.h">
      <Filter>Header Files</Filter>
    </ClInclude>
    <ClInclude Include="inc\MantidKernel\IValidator.h">
      <Filter>Header Files</Filter>
    </ClInclude>
    <ClInclude Include="inc\MantidKernel\LibraryManager.h">
      <Filter>Header Files</Filter>
    </ClInclude>
    <ClInclude Include="test\LibraryManagerTest.h">
      <Filter>Header Files</Filter>
    </ClInclude>
    <ClInclude Include="inc\MantidKernel\LibraryWrapper.h">
      <Filter>Header Files</Filter>
    </ClInclude>
    <ClInclude Include="inc\MantidKernel\ListValidator.h">
      <Filter>Header Files</Filter>
    </ClInclude>
    <ClInclude Include="test\ListValidatorTest.h">
      <Filter>Header Files</Filter>
    </ClInclude>
    <ClInclude Include="inc\MantidKernel\LogFilter.h">
      <Filter>Header Files</Filter>
    </ClInclude>
    <ClInclude Include="inc\MantidKernel\Logger.h">
      <Filter>Header Files</Filter>
    </ClInclude>
    <ClInclude Include="inc\MantidKernel\MandatoryValidator.h">
      <Filter>Header Files</Filter>
    </ClInclude>
    <ClInclude Include="test\MandatoryValidatorTest.h">
      <Filter>Header Files</Filter>
    </ClInclude>
    <ClInclude Include="inc\MantidKernel\MantidVersion.h">
      <Filter>Header Files</Filter>
    </ClInclude>
    <ClInclude Include="inc\MantidKernel\MaskedProperty.h">
      <Filter>Header Files</Filter>
    </ClInclude>
    <ClInclude Include="inc\MantidKernel\MRUList.h">
      <Filter>Header Files</Filter>
    </ClInclude>
    <ClInclude Include="inc\MantidKernel\MultiThreaded.h">
      <Filter>Header Files</Filter>
    </ClInclude>
    <ClInclude Include="inc\MantidKernel\NullValidator.h">
      <Filter>Header Files</Filter>
    </ClInclude>
    <ClInclude Include="test\NullValidatorTest.h">
      <Filter>Header Files</Filter>
    </ClInclude>
    <ClInclude Include="inc\MantidKernel\PhysicalConstants.h">
      <Filter>Header Files</Filter>
    </ClInclude>
    <ClInclude Include="inc\MantidKernel\Property.h">
      <Filter>Header Files</Filter>
    </ClInclude>
    <ClInclude Include="inc\MantidKernel\PropertyHistory.h">
      <Filter>Header Files</Filter>
    </ClInclude>
    <ClInclude Include="inc\MantidKernel\PropertyManager.h">
      <Filter>Header Files</Filter>
    </ClInclude>
    <ClInclude Include="inc\MantidKernel\PropertyManagerOwner.h">
      <Filter>Header Files</Filter>
    </ClInclude>
    <ClInclude Include="test\PropertyManagerTest.h">
      <Filter>Header Files</Filter>
    </ClInclude>
    <ClInclude Include="test\PropertyTest.h">
      <Filter>Header Files</Filter>
    </ClInclude>
    <ClInclude Include="inc\MantidKernel\PropertyWithValue.h">
      <Filter>Header Files</Filter>
    </ClInclude>
    <ClInclude Include="test\PropertyWithValueTest.h">
      <Filter>Header Files</Filter>
    </ClInclude>
    <ClInclude Include="inc\MantidKernel\RebinParamsValidator.h">
      <Filter>Header Files</Filter>
    </ClInclude>
    <ClInclude Include="inc\MantidKernel\SignalChannel.h">
      <Filter>Header Files</Filter>
    </ClInclude>
    <ClInclude Include="test\SignalChannelTest.h">
      <Filter>Header Files</Filter>
    </ClInclude>
    <ClInclude Include="inc\MantidKernel\SingletonHolder.h">
      <Filter>Header Files</Filter>
    </ClInclude>
    <ClInclude Include="inc\MantidKernel\Support.h">
      <Filter>Header Files</Filter>
    </ClInclude>
    <ClInclude Include="inc\MantidKernel\SupportTempCode.h">
      <Filter>Header Files</Filter>
    </ClInclude>
    <ClInclude Include="test\SupportTest.h">
      <Filter>Header Files</Filter>
    </ClInclude>
    <ClInclude Include="inc\MantidKernel\System.h">
      <Filter>Header Files</Filter>
    </ClInclude>
    <ClInclude Include="inc\MantidKernel\ThreadSafeLogStream.h">
      <Filter>Header Files</Filter>
    </ClInclude>
    <ClInclude Include="inc\MantidKernel\Timer.h">
      <Filter>Header Files</Filter>
    </ClInclude>
    <ClInclude Include="inc\MantidKernel\TimeSeriesProperty.h">
      <Filter>Header Files</Filter>
    </ClInclude>
    <ClInclude Include="test\TimeSeriesPropertyTest.h">
      <Filter>Header Files</Filter>
    </ClInclude>
    <ClInclude Include="inc\MantidKernel\Unit.h">
      <Filter>Header Files</Filter>
    </ClInclude>
    <ClInclude Include="inc\MantidKernel\UnitFactory.h">
      <Filter>Header Files</Filter>
    </ClInclude>
    <ClInclude Include="test\UnitTest.h">
      <Filter>Header Files</Filter>
    </ClInclude>
    <ClInclude Include="inc\MantidKernel\VectorHelper.h">
      <Filter>Header Files</Filter>
    </ClInclude>
    <ClInclude Include="inc\mantidkernel\facilityinfo.h">
      <Filter>Header Files</Filter>
    </ClInclude>
    <ClInclude Include="inc\mantidkernel\instrumentinfo.h">
      <Filter>Header Files</Filter>
    </ClInclude>
    <ClInclude Include="inc\MantidKernel\BinaryFile.h">
      <Filter>Header Files</Filter>
    </ClInclude>
    <ClInclude Include="inc\MantidKernel\BinFinder.h">
      <Filter>Header Files</Filter>
    </ClInclude>
    <ClInclude Include="inc\MantidKernel\DateValidator.h">
      <Filter>Header Files</Filter>
    </ClInclude>
    <ClInclude Include="inc\MantidKernel\TimeSplitter.h">
      <Filter>Header Files</Filter>
    </ClInclude>
    <ClInclude Include="inc\MantidKernel\LogParser.h">
      <Filter>Header Files</Filter>
    </ClInclude>
    <ClInclude Include="test\DateAndTimeTest.h">
      <Filter>Header Files</Filter>
    </ClInclude>
    <ClInclude Include="inc\MantidKernel\NeutronAtom.h">
      <Filter>Header Files</Filter>
    </ClInclude>
    <ClInclude Include="inc\MantidKernel\ArrayBoundedValidator.h">
      <Filter>Header Files</Filter>
    </ClInclude>
    <ClInclude Include="inc\MantidKernel\DirectoryValidator.h">
      <Filter>Header Files</Filter>
    </ClInclude>
  </ItemGroup>
  <ItemGroup>
    <None Include="test\TestChannel.hh">
      <Filter>Header Files</Filter>
    </None>
  </ItemGroup>
</Project>