<?xml version="1.0" encoding="utf-8"?>
<Project ToolsVersion="4.0" xmlns="http://schemas.microsoft.com/developer/msbuild/2003">
  <ItemGroup>
    <Filter Include="Source Files">
      <UniqueIdentifier>{4FC737F1-C7A5-4376-A066-2A32D752A2FF}</UniqueIdentifier>
      <Extensions>cpp;c;cc;cxx;def;odl;idl;hpj;bat;asm;asmx</Extensions>
    </Filter>
    <Filter Include="Header Files">
      <UniqueIdentifier>{93995380-89BD-4b04-88EB-625FBE52EBFB}</UniqueIdentifier>
      <Extensions>h;hpp;hxx;hm;inl;inc;xsd</Extensions>
    </Filter>
    <Filter Include="Resource Files">
      <UniqueIdentifier>{67DA6AB6-F800-4c08-8B7A-83BB121AAD01}</UniqueIdentifier>
      <Extensions>rc;ico;cur;bmp;dlg;rc2;rct;bin;rgs;gif;jpg;jpeg;jpe;resx;tiff;tif;png;wav</Extensions>
    </Filter>
  </ItemGroup>
  <ItemGroup>
    <ClCompile Include="src\LoadInstrumentFromNexus.cpp">
      <Filter>Source Files</Filter>
    </ClCompile>
    <ClCompile Include="src\LoadInstrumentFromSNSNexus.cpp">
      <Filter>Source Files</Filter>
    </ClCompile>
    <ClCompile Include="src\LoadISISNexus.cpp">
      <Filter>Source Files</Filter>
    </ClCompile>
    <ClCompile Include="src\LoadISISNexus2.cpp">
      <Filter>Source Files</Filter>
    </ClCompile>
    <ClCompile Include="src\LoadMuonLog.cpp">
      <Filter>Source Files</Filter>
    </ClCompile>
    <ClCompile Include="src\LoadMuonNexus.cpp">
      <Filter>Source Files</Filter>
    </ClCompile>
    <ClCompile Include="src\LoadMuonNexus2.cpp">
      <Filter>Source Files</Filter>
    </ClCompile>
    <ClCompile Include="src\LoadNeXus.cpp">
      <Filter>Source Files</Filter>
    </ClCompile>
    <ClCompile Include="src\LoadNexusProcessed.cpp">
      <Filter>Source Files</Filter>
    </ClCompile>
    <ClCompile Include="src\LoadSNSNexus.cpp">
      <Filter>Source Files</Filter>
    </ClCompile>
    <ClCompile Include="src\MuonNexusReader.cpp">
      <Filter>Source Files</Filter>
    </ClCompile>
    <ClCompile Include="src\NexusClasses.cpp">
      <Filter>Source Files</Filter>
    </ClCompile>
    <ClCompile Include="src\NexusFileIO.cpp">
      <Filter>Source Files</Filter>
    </ClCompile>
    <ClCompile Include="src\SaveNeXus.cpp">
      <Filter>Source Files</Filter>
    </ClCompile>
    <ClCompile Include="src\SaveNexusProcessed.cpp">
      <Filter>Source Files</Filter>
    </ClCompile>
    <ClCompile Include="src\LoadTOFRawNeXus.cpp">
      <Filter>Source Files</Filter>
    </ClCompile>
    <ClCompile Include="src\LoadLogsFromSNSNexus.cpp">
      <Filter>Source Files</Filter>
    </ClCompile>
    <ClCompile Include="src\NeXusException.cpp">
      <Filter>Source Files</Filter>
    </ClCompile>
    <ClCompile Include="src\NeXusFile.cpp">
      <Filter>Source Files</Filter>
    </ClCompile>
    <ClCompile Include="src\NeXusStream.cpp">
      <Filter>Source Files</Filter>
    </ClCompile>
    <ClCompile Include="src\LoadSNSEventNexus.cpp">
      <Filter>Source Files</Filter>
    </ClCompile>
    <ClCompile Include="src\SaveNXSPE.cpp">
      <Filter>Source Files</Filter>
    </ClCompile>
  </ItemGroup>
  <ItemGroup>
    <ClInclude Include="inc\MantidNexus\LoadInstrumentFromNexus.h">
      <Filter>Header Files</Filter>
    </ClInclude>
    <ClInclude Include="inc\MantidNexus\LoadInstrumentFromSNSNexus.h">
      <Filter>Header Files</Filter>
    </ClInclude>
    <ClInclude Include="inc\MantidNexus\LoadISISNexus.h">
      <Filter>Header Files</Filter>
    </ClInclude>
    <ClInclude Include="inc\MantidNexus\LoadISISNexus2.h">
      <Filter>Header Files</Filter>
    </ClInclude>
    <ClInclude Include="test\LoadISISNexusTest.h">
      <Filter>Header Files</Filter>
    </ClInclude>
    <ClInclude Include="inc\MantidNexus\LoadMuonLog.h">
      <Filter>Header Files</Filter>
    </ClInclude>
    <ClInclude Include="test\LoadMuonLogTest.h">
      <Filter>Header Files</Filter>
    </ClInclude>
    <ClInclude Include="inc\MantidNexus\LoadMuonNexus.h">
      <Filter>Header Files</Filter>
    </ClInclude>
    <ClInclude Include="inc\MantidNexus\LoadMuonNexus2.h">
      <Filter>Header Files</Filter>
    </ClInclude>
    <ClInclude Include="test\LoadMuonNexus2Test.h">
      <Filter>Header Files</Filter>
    </ClInclude>
    <ClInclude Include="test\LoadMuonNexusTest.h">
      <Filter>Header Files</Filter>
    </ClInclude>
    <ClInclude Include="inc\MantidNexus\LoadNeXus.h">
      <Filter>Header Files</Filter>
    </ClInclude>
    <ClInclude Include="inc\MantidNexus\LoadNexusProcessed.h">
      <Filter>Header Files</Filter>
    </ClInclude>
    <ClInclude Include="test\LoadNexusProcessedRaw.h">
      <Filter>Header Files</Filter>
    </ClInclude>
    <ClInclude Include="test\LoadNexusTest.h">
      <Filter>Header Files</Filter>
    </ClInclude>
    <ClInclude Include="test\LoadRSaveNLoadNcspTest.h">
      <Filter>Header Files</Filter>
    </ClInclude>
    <ClInclude Include="inc\MantidNexus\LoadSNSNexus.h">
      <Filter>Header Files</Filter>
    </ClInclude>
    <ClInclude Include="inc\MantidNexus\MuonNexusReader.h">
      <Filter>Header Files</Filter>
    </ClInclude>
    <ClInclude Include="inc\MantidNexus\NexusClasses.h">
      <Filter>Header Files</Filter>
    </ClInclude>
    <ClInclude Include="inc\MantidNexus\NexusFileIO.h">
      <Filter>Header Files</Filter>
    </ClInclude>
    <ClInclude Include="inc\MantidNexus\SaveNeXus.h">
      <Filter>Header Files</Filter>
    </ClInclude>
    <ClInclude Include="inc\MantidNexus\SaveNexusProcessed.h">
      <Filter>Header Files</Filter>
    </ClInclude>
    <ClInclude Include="test\SaveNexusProcessedTest.h">
      <Filter>Header Files</Filter>
    </ClInclude>
    <ClInclude Include="test\SaveNeXusTest.h">
      <Filter>Header Files</Filter>
    </ClInclude>
    <ClInclude Include="inc\mantidnexus\loadtofrawnexus.h">
      <Filter>Header Files</Filter>
    </ClInclude>
    <ClInclude Include="inc\mantidnexus\loadlogsfromsnsnexus.h">
      <Filter>Header Files</Filter>
    </ClInclude>
    <ClInclude Include="inc\mantidnexus\nexusexception.hpp">
      <Filter>Header Files</Filter>
    </ClInclude>
    <ClInclude Include="inc\mantidnexus\nexusfile.hpp">
      <Filter>Header Files</Filter>
    </ClInclude>
    <ClInclude Include="inc\mantidnexus\nexusstream.hpp">
      <Filter>Header Files</Filter>
    </ClInclude>
    <ClInclude Include="inc\MantidNexus\LoadSNSEventNexus.h">
      <Filter>Header Files</Filter>
    </ClInclude>
    <ClInclude Include="inc\MantidNexus\SaveNXSPE.h">
      <Filter>Header Files</Filter>
    </ClInclude>
    <ClInclude Include="test\SaveNXSPETest.h">
      <Filter>Header Files</Filter>
    </ClInclude>
  </ItemGroup>
</Project>