<?xml version="1.0" encoding="utf-8"?>
<Project ToolsVersion="4.0" xmlns="http://schemas.microsoft.com/developer/msbuild/2003">
  <ItemGroup>
    <Filter Include="Source Files">
      <UniqueIdentifier>{4FC737F1-C7A5-4376-A066-2A32D752A2FF}</UniqueIdentifier>
      <Extensions>cpp;c;cc;cxx;def;odl;idl;hpj;bat;asm;asmx</Extensions>
    </Filter>
    <Filter Include="Header Files">
      <UniqueIdentifier>{93995380-89BD-4b04-88EB-625FBE52EBFB}</UniqueIdentifier>
      <Extensions>h;hpp;hxx;hm;inl;inc;xsd</Extensions>
    </Filter>
    <Filter Include="Resource Files">
      <UniqueIdentifier>{67DA6AB6-F800-4c08-8B7A-83BB121AAD01}</UniqueIdentifier>
      <Extensions>rc;ico;cur;bmp;dlg;rc2;rct;bin;rgs;gif;jpg;jpeg;jpe;resx;tiff;tif;png;wav</Extensions>
    </Filter>
  </ItemGroup>
  <ItemGroup>
    <ClCompile Include="src\BackgroundFunction.cpp">
      <Filter>Source Files</Filter>
    </ClCompile>
    <ClCompile Include="src\BackToBackExponential.cpp">
      <Filter>Source Files</Filter>
    </ClCompile>
    <ClCompile Include="src\BFGS_Minimizer.cpp">
      <Filter>Source Files</Filter>
    </ClCompile>
    <ClCompile Include="src\BoundaryConstraint.cpp">
      <Filter>Source Files</Filter>
    </ClCompile>
    <ClCompile Include="src\Chebyshev.cpp">
      <Filter>Source Files</Filter>
    </ClCompile>
    <ClCompile Include="src\Convolution.cpp">
      <Filter>Source Files</Filter>
    </ClCompile>
    <ClCompile Include="src\CostFuncIgnorePosPeaks.cpp">
      <Filter>Source Files</Filter>
    </ClCompile>
    <ClCompile Include="src\CostFuncLeastSquares.cpp">
      <Filter>Source Files</Filter>
    </ClCompile>
    <ClCompile Include="src\CostFunctionFactory.cpp">
      <Filter>Source Files</Filter>
    </ClCompile>
    <ClCompile Include="src\Fit.cpp">
      <Filter>Source Files</Filter>
    </ClCompile>
    <ClCompile Include="src\Fit1D.cpp">
      <Filter>Source Files</Filter>
    </ClCompile>
    <ClCompile Include="src\FRConjugateGradientMinimizer.cpp">
      <Filter>Source Files</Filter>
    </ClCompile>
    <ClCompile Include="src\FuncMinimizerFactory.cpp">
      <Filter>Source Files</Filter>
    </ClCompile>
    <ClCompile Include="src\Gaussian.cpp">
      <Filter>Source Files</Filter>
    </ClCompile>
    <ClCompile Include="src\Gaussian1D.cpp">
      <Filter>Source Files</Filter>
    </ClCompile>
    <ClCompile Include="src\GaussianLinearBG1D.cpp">
      <Filter>Source Files</Filter>
    </ClCompile>
    <ClCompile Include="src\GSLFunctions.cpp">
      <Filter>Source Files</Filter>
    </ClCompile>
    <ClCompile Include="src\IkedaCarpenterPV.cpp">
      <Filter>Source Files</Filter>
    </ClCompile>
    <ClCompile Include="src\LevenbergMarquardtMinimizer.cpp">
      <Filter>Source Files</Filter>
    </ClCompile>
    <ClCompile Include="src\Linear.cpp">
      <Filter>Source Files</Filter>
    </ClCompile>
    <ClCompile Include="src\LinearBackground.cpp">
      <Filter>Source Files</Filter>
    </ClCompile>
    <ClCompile Include="src\Lorentzian.cpp">
      <Filter>Source Files</Filter>
    </ClCompile>
    <ClCompile Include="src\Lorentzian1D.cpp">
      <Filter>Source Files</Filter>
    </ClCompile>
    <ClCompile Include="src\PlotPeakByLogValue.cpp">
      <Filter>Source Files</Filter>
    </ClCompile>
    <ClCompile Include="src\PRConjugateGradientMinimizer.cpp">
      <Filter>Source Files</Filter>
    </ClCompile>
    <ClCompile Include="src\Quadratic.cpp">
      <Filter>Source Files</Filter>
    </ClCompile>
    <ClCompile Include="src\Resolution.cpp">
      <Filter>Source Files</Filter>
    </ClCompile>
    <ClCompile Include="src\SimplexMinimizer.cpp">
      <Filter>Source Files</Filter>
    </ClCompile>
    <ClCompile Include="src\SpecialFunctionHelper.cpp">
      <Filter>Source Files</Filter>
    </ClCompile>
    <ClCompile Include="src\SplineBackground.cpp">
      <Filter>Source Files</Filter>
    </ClCompile>
    <ClCompile Include="src\UserFunction.cpp">
      <Filter>Source Files</Filter>
    </ClCompile>
    <ClCompile Include="src\UserFunction1D.cpp">
      <Filter>Source Files</Filter>
    </ClCompile>
    <ClCompile Include="src\DeltaFunction.cpp">
      <Filter>Source Files</Filter>
    </ClCompile>
  </ItemGroup>
  <ItemGroup>
    <ClInclude Include="inc\MantidCurveFitting\BackgroundFunction.h">
      <Filter>Header Files</Filter>
    </ClInclude>
    <ClInclude Include="inc\MantidCurveFitting\BackToBackExponential.h">
      <Filter>Header Files</Filter>
    </ClInclude>
    <ClInclude Include="test\BackToBackExponentialTest.h">
      <Filter>Header Files</Filter>
    </ClInclude>
    <ClInclude Include="inc\MantidCurveFitting\BFGS_Minimizer.h">
      <Filter>Header Files</Filter>
    </ClInclude>
    <ClInclude Include="inc\MantidCurveFitting\BoundaryConstraint.h">
      <Filter>Header Files</Filter>
    </ClInclude>
    <ClInclude Include="test\BoundaryConstraintTest.h">
      <Filter>Header Files</Filter>
    </ClInclude>
    <ClInclude Include="inc\MantidCurveFitting\Chebyshev.h">
      <Filter>Header Files</Filter>
    </ClInclude>
    <ClInclude Include="test\ChebyshevTest.h">
      <Filter>Header Files</Filter>
    </ClInclude>
    <ClInclude Include="test\CompositeFunctionTest.h">
      <Filter>Header Files</Filter>
    </ClInclude>
    <ClInclude Include="inc\MantidCurveFitting\Convolution.h">
      <Filter>Header Files</Filter>
    </ClInclude>
    <ClInclude Include="test\ConvolutionTest.h">
      <Filter>Header Files</Filter>
    </ClInclude>
    <ClInclude Include="inc\MantidCurveFitting\CostFuncIgnorePosPeaks.h">
      <Filter>Header Files</Filter>
    </ClInclude>
    <ClInclude Include="inc\MantidCurveFitting\CostFuncLeastSquares.h">
      <Filter>Header Files</Filter>
    </ClInclude>
    <ClInclude Include="inc\MantidCurveFitting\CostFunctionFactory.h">
      <Filter>Header Files</Filter>
    </ClInclude>
    <ClInclude Include="test\CostFunctionFactoryTest.h">
      <Filter>Header Files</Filter>
    </ClInclude>
    <ClInclude Include="inc\MantidCurveFitting\Fit.h">
      <Filter>Header Files</Filter>
    </ClInclude>
    <ClInclude Include="inc\MantidCurveFitting\Fit1D.h">
      <Filter>Header Files</Filter>
    </ClInclude>
    <ClInclude Include="test\FitMultispectralTest.h">
      <Filter>Header Files</Filter>
    </ClInclude>
    <ClInclude Include="test\FitTest.h">
      <Filter>Header Files</Filter>
    </ClInclude>
    <ClInclude Include="inc\MantidCurveFitting\FRConjugateGradientMinimizer.h">
      <Filter>Header Files</Filter>
    </ClInclude>
    <ClInclude Include="inc\MantidCurveFitting\FuncMinimizerFactory.h">
      <Filter>Header Files</Filter>
    </ClInclude>
    <ClInclude Include="test\FuncMinimizerFactoryTest.h">
      <Filter>Header Files</Filter>
    </ClInclude>
    <ClInclude Include="test\FunctionTest.h">
      <Filter>Header Files</Filter>
    </ClInclude>
    <ClInclude Include="inc\MantidCurveFitting\Gaussian.h">
      <Filter>Header Files</Filter>
    </ClInclude>
    <ClInclude Include="inc\MantidCurveFitting\Gaussian1D.h">
      <Filter>Header Files</Filter>
    </ClInclude>
    <ClInclude Include="test\Gaussian1DTest.h">
      <Filter>Header Files</Filter>
    </ClInclude>
    <ClInclude Include="inc\MantidCurveFitting\GaussianLinearBG1D.h">
      <Filter>Header Files</Filter>
    </ClInclude>
    <ClInclude Include="test\GaussianTest.h">
      <Filter>Header Files</Filter>
    </ClInclude>
    <ClInclude Include="inc\MantidCurveFitting\GSLFunctions.h">
      <Filter>Header Files</Filter>
    </ClInclude>
    <ClInclude Include="inc\MantidCurveFitting\ICostFunction.h">
      <Filter>Header Files</Filter>
    </ClInclude>
    <ClInclude Include="inc\MantidCurveFitting\IFuncMinimizer.h">
      <Filter>Header Files</Filter>
    </ClInclude>
    <ClInclude Include="inc\MantidCurveFitting\IkedaCarpenterPV.h">
      <Filter>Header Files</Filter>
    </ClInclude>
    <ClInclude Include="test\IkedaCarpenterPVTest.h">
      <Filter>Header Files</Filter>
    </ClInclude>
    <ClInclude Include="inc\MantidCurveFitting\LevenbergMarquardtMinimizer.h">
      <Filter>Header Files</Filter>
    </ClInclude>
    <ClInclude Include="inc\MantidCurveFitting\Linear.h">
      <Filter>Header Files</Filter>
    </ClInclude>
    <ClInclude Include="inc\MantidCurveFitting\LinearBackground.h">
      <Filter>Header Files</Filter>
    </ClInclude>
    <ClInclude Include="test\LinearBackgroundTest.h">
      <Filter>Header Files</Filter>
    </ClInclude>
    <ClInclude Include="inc\MantidCurveFitting\Lorentzian.h">
      <Filter>Header Files</Filter>
    </ClInclude>
    <ClInclude Include="inc\MantidCurveFitting\Lorentzian1D.h">
      <Filter>Header Files</Filter>
    </ClInclude>
    <ClInclude Include="test\Lorentzian1DTest.h">
      <Filter>Header Files</Filter>
    </ClInclude>
    <ClInclude Include="test\LorentzianTest.h">
      <Filter>Header Files</Filter>
    </ClInclude>
    <ClInclude Include="inc\MantidCurveFitting\PlotPeakByLogValue.h">
      <Filter>Header Files</Filter>
    </ClInclude>
    <ClInclude Include="inc\MantidCurveFitting\PRConjugateGradientMinimizer.h">
      <Filter>Header Files</Filter>
    </ClInclude>
    <ClInclude Include="inc\MantidCurveFitting\Quadratic.h">
      <Filter>Header Files</Filter>
    </ClInclude>
    <ClInclude Include="test\QuadraticTest.h">
      <Filter>Header Files</Filter>
    </ClInclude>
    <ClInclude Include="inc\MantidCurveFitting\Resolution.h">
      <Filter>Header Files</Filter>
    </ClInclude>
    <ClInclude Include="test\ResolutionTest.h">
      <Filter>Header Files</Filter>
    </ClInclude>
    <ClInclude Include="inc\MantidCurveFitting\SimplexMinimizer.h">
      <Filter>Header Files</Filter>
    </ClInclude>
    <ClInclude Include="inc\MantidCurveFitting\SpecialFunctionSupport.h">
      <Filter>Header Files</Filter>
    </ClInclude>
    <ClInclude Include="test\SpecialFunctionSupportTest.h">
      <Filter>Header Files</Filter>
    </ClInclude>
    <ClInclude Include="inc\MantidCurveFitting\SplineBackground.h">
      <Filter>Header Files</Filter>
    </ClInclude>
    <ClInclude Include="inc\MantidCurveFitting\UserFunction.h">
      <Filter>Header Files</Filter>
    </ClInclude>
    <ClInclude Include="inc\MantidCurveFitting\UserFunction1D.h">
      <Filter>Header Files</Filter>
    </ClInclude>
    <ClInclude Include="test\UserFunction1DTest.h">
      <Filter>Header Files</Filter>
    </ClInclude>
    <ClInclude Include="test\UserFunctionTest.h">
      <Filter>Header Files</Filter>
    </ClInclude>
    <ClInclude Include="inc\MantidCurveFitting\DeltaFunction.h">
      <Filter>Header Files</Filter>
    </ClInclude>
  </ItemGroup>
</Project>