<?xml version="1.0" encoding="utf-8"?>
<Project ToolsVersion="4.0" xmlns="http://schemas.microsoft.com/developer/msbuild/2003">
  <ItemGroup>
    <Filter Include="Source Files">
      <UniqueIdentifier>{4FC737F1-C7A5-4376-A066-2A32D752A2FF}</UniqueIdentifier>
      <Extensions>cpp;c;cc;cxx;def;odl;idl;hpj;bat;asm;asmx</Extensions>
    </Filter>
    <Filter Include="Source Files\Resource Files">
      <UniqueIdentifier>{67DA6AB6-F800-4c08-8B7A-83BB121AAD01}</UniqueIdentifier>
      <Extensions>rc;ico;cur;bmp;dlg;rc2;rct;bin;rgs;gif;jpg;jpeg;jpe;resx;tiff;tif;png;wav</Extensions>
    </Filter>
    <Filter Include="Header Files">
      <UniqueIdentifier>{93995380-89BD-4b04-88EB-625FBE52EBFB}</UniqueIdentifier>
      <Extensions>h;hpp;hxx;hm;inl;inc;xsd</Extensions>
    </Filter>
  </ItemGroup>
  <ItemGroup>
    <ClCompile Include="src\Algorithm.cpp">
      <Filter>Source Files</Filter>
    </ClCompile>
    <ClCompile Include="src\AlgorithmFactory.cpp">
      <Filter>Source Files</Filter>
    </ClCompile>
    <ClCompile Include="src\AlgorithmHistory.cpp">
      <Filter>Source Files</Filter>
    </ClCompile>
    <ClCompile Include="src\AlgorithmManager.cpp">
      <Filter>Source Files</Filter>
    </ClCompile>
    <ClCompile Include="src\AlgorithmProxy.cpp">
      <Filter>Source Files</Filter>
    </ClCompile>
    <ClCompile Include="src\AnalysisDataService.cpp">
      <Filter>Source Files</Filter>
    </ClCompile>
    <ClCompile Include="src\Axis.cpp">
      <Filter>Source Files</Filter>
    </ClCompile>
    <ClCompile Include="src\CloneableAlgorithm.cpp">
      <Filter>Source Files</Filter>
    </ClCompile>
    <ClCompile Include="src\Column.cpp">
      <Filter>Source Files</Filter>
    </ClCompile>
    <ClCompile Include="src\ColumnFactory.cpp">
      <Filter>Source Files</Filter>
    </ClCompile>
    <ClCompile Include="src\CompositeFunction.cpp">
      <Filter>Source Files</Filter>
    </ClCompile>
    <ClCompile Include="src\ConstraintFactory.cpp">
      <Filter>Source Files</Filter>
    </ClCompile>
    <ClCompile Include="src\Expression.cpp">
      <Filter>Source Files</Filter>
    </ClCompile>
    <ClCompile Include="src\FrameworkManager.cpp">
      <Filter>Source Files</Filter>
    </ClCompile>
    <ClCompile Include="src\Function.cpp">
      <Filter>Source Files</Filter>
    </ClCompile>
    <ClCompile Include="src\FunctionFactory.cpp">
      <Filter>Source Files</Filter>
    </ClCompile>
    <ClCompile Include="src\IFunction.cpp">
      <Filter>Source Files</Filter>
    </ClCompile>
    <ClCompile Include="src\IInstrument.cpp">
      <Filter>Source Files</Filter>
    </ClCompile>
    <ClCompile Include="src\Instrument.cpp">
      <Filter>Source Files</Filter>
    </ClCompile>
    <ClCompile Include="src\InstrumentDataService.cpp">
      <Filter>Source Files</Filter>
    </ClCompile>
    <ClCompile Include="src\ITableWorkspace.cpp">
      <Filter>Source Files</Filter>
    </ClCompile>
    <ClCompile Include="src\LocatedDataRef.cpp">
      <Filter>Source Files</Filter>
    </ClCompile>
    <ClCompile Include="src\LocatedDataValue.cpp">
      <Filter>Source Files</Filter>
    </ClCompile>
    <ClCompile Include="src\LogParser.cpp">
      <Filter>Source Files</Filter>
    </ClCompile>
    <ClCompile Include="src\MatrixWorkspace.cpp">
      <Filter>Source Files</Filter>
    </ClCompile>
    <ClCompile Include="src\MemoryManager.cpp">
      <Filter>Source Files</Filter>
    </ClCompile>
    <ClCompile Include="src\NumericAxis.cpp">
      <Filter>Source Files</Filter>
    </ClCompile>
    <ClCompile Include="src\PairedGroupAlgorithm.cpp">
      <Filter>Source Files</Filter>
    </ClCompile>
    <ClCompile Include="src\ParameterReference.cpp">
      <Filter>Source Files</Filter>
    </ClCompile>
    <ClCompile Include="src\ParameterTie.cpp">
      <Filter>Source Files</Filter>
    </ClCompile>
    <ClCompile Include="src\ParInstrument.cpp">
      <Filter>Source Files</Filter>
    </ClCompile>
    <ClCompile Include="src\Progress.cpp">
      <Filter>Source Files</Filter>
    </ClCompile>
    <ClCompile Include="src\RefAxis.cpp">
      <Filter>Source Files</Filter>
    </ClCompile>
    <ClCompile Include="src\Sample.cpp">
      <Filter>Source Files</Filter>
    </ClCompile>
    <ClCompile Include="src\SpectraAxis.cpp">
      <Filter>Source Files</Filter>
    </ClCompile>
    <ClCompile Include="src\SpectraDetectorMap.cpp">
      <Filter>Source Files</Filter>
    </ClCompile>
    <ClCompile Include="src\TableRow.cpp">
      <Filter>Source Files</Filter>
    </ClCompile>
    <ClCompile Include="src\TextAxis.cpp">
      <Filter>Source Files</Filter>
    </ClCompile>
    <ClCompile Include="src\Workspace.cpp">
      <Filter>Source Files</Filter>
    </ClCompile>
    <ClCompile Include="src\WorkspaceFactory.cpp">
      <Filter>Source Files</Filter>
    </ClCompile>
    <ClCompile Include="src\WorkspaceGroup.cpp">
      <Filter>Source Files</Filter>
    </ClCompile>
    <ClCompile Include="src\WorkspaceHistory.cpp">
      <Filter>Source Files</Filter>
    </ClCompile>
    <ClCompile Include="src\WorkspaceOpOverloads.cpp">
      <Filter>Source Files</Filter>
    </ClCompile>
    <ClCompile Include="src\WorkspaceProperty.cpp">
      <Filter>Source Files</Filter>
    </ClCompile>
    <ClCompile Include="src\WorkspaceTracer.cpp">
      <Filter>Source Files</Filter>
    </ClCompile>
    <ClCompile Include="src\XMLlogfile.cpp">
      <Filter>Source Files</Filter>
    </ClCompile>
    <ClCompile Include="src\IPeakFunction.cpp">
      <Filter>Source Files</Filter>
    </ClCompile>
    <ClCompile Include="src\Run.cpp">
      <Filter>Source Files</Filter>
    </ClCompile>
    <ClCompile Include="src\ArchiveSearchFactory.cpp">
      <Filter>Source Files</Filter>
    </ClCompile>
    <ClCompile Include="src\FileFinder.cpp">
      <Filter>Source Files</Filter>
    </ClCompile>
    <ClCompile Include="src\FileProperty.cpp">
      <Filter>Source Files</Filter>
    </ClCompile>
  </ItemGroup>
  <ItemGroup>
    <ClInclude Include="inc\MantidAPI\Algorithm.h">
      <Filter>Header Files</Filter>
    </ClInclude>
    <ClInclude Include="inc\MantidAPI\AlgorithmFactory.h">
      <Filter>Header Files</Filter>
    </ClInclude>
    <ClInclude Include="inc\MantidAPI\AlgorithmHistory.h">
      <Filter>Header Files</Filter>
    </ClInclude>
    <ClInclude Include="test\AlgorithmHistoryTest.h">
      <Filter>Header Files</Filter>
    </ClInclude>
    <ClInclude Include="inc\MantidAPI\AlgorithmManager.h">
      <Filter>Header Files</Filter>
    </ClInclude>
    <ClInclude Include="test\AlgorithmManagerTest.h">
      <Filter>Header Files</Filter>
    </ClInclude>
    <ClInclude Include="inc\MantidAPI\AlgorithmObserver.h">
      <Filter>Header Files</Filter>
    </ClInclude>
    <ClInclude Include="inc\MantidAPI\AlgorithmProxy.h">
      <Filter>Header Files</Filter>
    </ClInclude>
    <ClInclude Include="test\AlgorithmTest.h">
      <Filter>Header Files</Filter>
    </ClInclude>
    <ClInclude Include="inc\MantidAPI\AnalysisDataService.h">
      <Filter>Header Files</Filter>
    </ClInclude>
    <ClInclude Include="test\AnalysisDataServiceTest.h">
      <Filter>Header Files</Filter>
    </ClInclude>
    <ClInclude Include="inc\MantidAPI\Axis.h">
      <Filter>Header Files</Filter>
    </ClInclude>
    <ClInclude Include="test\AxisTest.h">
      <Filter>Header Files</Filter>
    </ClInclude>
    <ClInclude Include="inc\MantidAPI\CloneableAlgorithm.h">
      <Filter>Header Files</Filter>
    </ClInclude>
    <ClInclude Include="inc\MantidAPI\Column.h">
      <Filter>Header Files</Filter>
    </ClInclude>
    <ClInclude Include="inc\MantidAPI\ColumnFactory.h">
      <Filter>Header Files</Filter>
    </ClInclude>
    <ClInclude Include="inc\MantidAPI\CompositeFunction.h">
      <Filter>Header Files</Filter>
    </ClInclude>
    <ClInclude Include="test\CompositeFunctionTest.h">
      <Filter>Header Files</Filter>
    </ClInclude>
    <ClInclude Include="inc\MantidAPI\ConstraintFactory.h">
      <Filter>Header Files</Filter>
    </ClInclude>
    <ClInclude Include="inc\MantidAPI\DeclareUserAlg.h">
      <Filter>Header Files</Filter>
    </ClInclude>
    <ClInclude Include="inc\MantidAPI\DllExport.h">
      <Filter>Header Files</Filter>
    </ClInclude>
    <ClInclude Include="inc\MantidAPI\Expression.h">
      <Filter>Header Files</Filter>
    </ClInclude>
    <ClInclude Include="test\ExpressionTest.h">
      <Filter>Header Files</Filter>
    </ClInclude>
    <ClInclude Include="inc\MantidAPI\FrameworkManager.h">
      <Filter>Header Files</Filter>
    </ClInclude>
    <ClInclude Include="test\FrameworkManagerTest.h">
      <Filter>Header Files</Filter>
    </ClInclude>
    <ClInclude Include="inc\MantidAPI\Function.h">
      <Filter>Header Files</Filter>
    </ClInclude>
    <ClInclude Include="inc\MantidAPI\FunctionFactory.h">
      <Filter>Header Files</Filter>
    </ClInclude>
    <ClInclude Include="test\FunctionFactoryTest.h">
      <Filter>Header Files</Filter>
    </ClInclude>
    <ClInclude Include="test\FunctionTest.h">
      <Filter>Header Files</Filter>
    </ClInclude>
    <ClInclude Include="inc\MantidAPI\IAlgorithm.h">
      <Filter>Header Files</Filter>
    </ClInclude>
    <ClInclude Include="inc\MantidAPI\IBackgroundFunction.h">
      <Filter>Header Files</Filter>
    </ClInclude>
    <ClInclude Include="inc\MantidAPI\IConstraint.h">
      <Filter>Header Files</Filter>
    </ClInclude>
    <ClInclude Include="inc\MantidAPI\IDataItem.h">
      <Filter>Header Files</Filter>
    </ClInclude>
    <ClInclude Include="inc\MantidAPI\IFunction.h">
      <Filter>Header Files</Filter>
    </ClInclude>
    <ClInclude Include="inc\MantidAPI\IFunctionWithLocation.h">
      <Filter>Header Files</Filter>
    </ClInclude>
    <ClInclude Include="inc\MantidAPI\IInstrument.h">
      <Filter>Header Files</Filter>
    </ClInclude>
    <ClInclude Include="inc\MantidAPI\ILocatedData.h">
      <Filter>Header Files</Filter>
    </ClInclude>
    <ClInclude Include="inc\MantidAPI\Instrument.h">
      <Filter>Header Files</Filter>
    </ClInclude>
    <ClInclude Include="inc\MantidAPI\InstrumentDataService.h">
      <Filter>Header Files</Filter>
    </ClInclude>
    <ClInclude Include="test\InstrumentDataServiceTest.h">
      <Filter>Header Files</Filter>
    </ClInclude>
    <ClInclude Include="test\InstrumentTest.h">
      <Filter>Header Files</Filter>
    </ClInclude>
    <ClInclude Include="inc\MantidAPI\IPeakFunction.h">
      <Filter>Header Files</Filter>
    </ClInclude>
    <ClInclude Include="inc\MantidAPI\ITableWorkspace.h">
      <Filter>Header Files</Filter>
    </ClInclude>
    <ClInclude Include="inc\MantidAPI\IWorkspaceProperty.h">
      <Filter>Header Files</Filter>
    </ClInclude>
    <ClInclude Include="inc\MantidAPI\LocatedDataRef.h">
      <Filter>Header Files</Filter>
    </ClInclude>
    <ClInclude Include="inc\MantidAPI\LocatedDataValue.h">
      <Filter>Header Files</Filter>
    </ClInclude>
    <ClInclude Include="inc\MantidAPI\LogParser.h">
      <Filter>Header Files</Filter>
    </ClInclude>
    <ClInclude Include="inc\MantidAPI\MatrixWorkspace.h">
      <Filter>Header Files</Filter>
    </ClInclude>
    <ClInclude Include="test\MatrixWorkspaceTest.h">
      <Filter>Header Files</Filter>
    </ClInclude>
    <ClInclude Include="inc\MantidAPI\MemoryManager.h">
      <Filter>Header Files</Filter>
    </ClInclude>
    <ClInclude Include="inc\MantidAPI\NumericAxis.h">
      <Filter>Header Files</Filter>
    </ClInclude>
    <ClInclude Include="inc\MantidAPI\PairedGroupAlgorithm.h">
      <Filter>Header Files</Filter>
    </ClInclude>
    <ClInclude Include="inc\MantidAPI\ParameterReference.h">
      <Filter>Header Files</Filter>
    </ClInclude>
    <ClInclude Include="test\ParameterReferenceTest.h">
      <Filter>Header Files</Filter>
    </ClInclude>
    <ClInclude Include="inc\MantidAPI\ParameterTie.h">
      <Filter>Header Files</Filter>
    </ClInclude>
    <ClInclude Include="test\ParameterTieTest.h">
      <Filter>Header Files</Filter>
    </ClInclude>
    <ClInclude Include="inc\MantidAPI\ParInstrument.h">
      <Filter>Header Files</Filter>
    </ClInclude>
    <ClInclude Include="test\ParInstrumentTest.h">
      <Filter>Header Files</Filter>
    </ClInclude>
    <ClInclude Include="inc\MantidAPI\Progress.h">
      <Filter>Header Files</Filter>
    </ClInclude>
    <ClInclude Include="inc\MantidAPI\RefAxis.h">
      <Filter>Header Files</Filter>
    </ClInclude>
    <ClInclude Include="inc\MantidAPI\Sample.h">
      <Filter>Header Files</Filter>
    </ClInclude>
    <ClInclude Include="test\SampleTest.h">
      <Filter>Header Files</Filter>
    </ClInclude>
    <ClInclude Include="inc\MantidAPI\SpectraAxis.h">
      <Filter>Header Files</Filter>
    </ClInclude>
    <ClInclude Include="inc\MantidAPI\SpectraDetectorMap.h">
      <Filter>Header Files</Filter>
    </ClInclude>
    <ClInclude Include="test\SpectraDetectorMapTest.h">
      <Filter>Header Files</Filter>
    </ClInclude>
    <ClInclude Include="inc\MantidAPI\TableRow.h">
      <Filter>Header Files</Filter>
    </ClInclude>
    <ClInclude Include="inc\MantidAPI\TextAxis.h">
      <Filter>Header Files</Filter>
    </ClInclude>
    <ClInclude Include="test\TextAxisTest.h">
      <Filter>Header Files</Filter>
    </ClInclude>
    <ClInclude Include="inc\MantidAPI\Workspace.h">
      <Filter>Header Files</Filter>
    </ClInclude>
    <ClInclude Include="inc\MantidAPI\WorkspaceFactory.h">
      <Filter>Header Files</Filter>
    </ClInclude>
    <ClInclude Include="test\WorkspaceFactoryTest.h">
      <Filter>Header Files</Filter>
    </ClInclude>
    <ClInclude Include="inc\MantidAPI\WorkspaceGroup.h">
      <Filter>Header Files</Filter>
    </ClInclude>
    <ClInclude Include="inc\MantidAPI\WorkspaceHistory.h">
      <Filter>Header Files</Filter>
    </ClInclude>
    <ClInclude Include="inc\MantidAPI\WorkspaceIterator.h">
      <Filter>Header Files</Filter>
    </ClInclude>
    <ClInclude Include="inc\MantidAPI\WorkspaceIteratorCode.h">
      <Filter>Header Files</Filter>
    </ClInclude>
    <ClInclude Include="inc\MantidAPI\WorkspaceOpOverloads.h">
      <Filter>Header Files</Filter>
    </ClInclude>
    <ClInclude Include="inc\MantidAPI\WorkspaceProperty.h">
      <Filter>Header Files</Filter>
    </ClInclude>
    <ClInclude Include="test\WorkspacePropertyTest.h">
      <Filter>Header Files</Filter>
    </ClInclude>
    <ClInclude Include="inc\MantidAPI\WorkspaceTracer.h">
      <Filter>Header Files</Filter>
    </ClInclude>
    <ClInclude Include="inc\MantidAPI\WorkspaceValidators.h">
      <Filter>Header Files</Filter>
    </ClInclude>
    <ClInclude Include="inc\MantidAPI\XMLlogfile.h">
      <Filter>Header Files</Filter>
    </ClInclude>
    <ClInclude Include="inc\mantidapi\run.h">
      <Filter>Header Files</Filter>
    </ClInclude>
    <ClInclude Include="inc\mantidapi\archivesearchfactory.h">
      <Filter>Header Files</Filter>
    </ClInclude>
    <ClInclude Include="inc\mantidapi\filefinder.h">
      <Filter>Header Files</Filter>
    </ClInclude>
    <ClInclude Include="inc\mantidapi\iarchivesearch.h">
      <Filter>Header Files</Filter>
    </ClInclude>
    <ClInclude Include="inc\MantidAPI\FileProperty.h">
      <Filter>Header Files</Filter>
    </ClInclude>
  </ItemGroup>
  <ItemGroup>
    <None Include="src\MemoryManager.cpp_WIN32" />
  </ItemGroup>
</Project>