<?xml version="1.0" encoding="utf-8"?>
<Project ToolsVersion="4.0" xmlns="http://schemas.microsoft.com/developer/msbuild/2003">
  <ItemGroup>
    <Filter Include="Source Files">
      <UniqueIdentifier>{4FC737F1-C7A5-4376-A066-2A32D752A2FF}</UniqueIdentifier>
      <Extensions>cpp;c;cc;cxx;def;odl;idl;hpj;bat;asm;asmx</Extensions>
    </Filter>
    <Filter Include="Header Files">
      <UniqueIdentifier>{93995380-89BD-4b04-88EB-625FBE52EBFB}</UniqueIdentifier>
      <Extensions>h;hpp;hxx;hm;inl;inc;xsd</Extensions>
    </Filter>
    <Filter Include="Resource Files">
      <UniqueIdentifier>{67DA6AB6-F800-4c08-8B7A-83BB121AAD01}</UniqueIdentifier>
      <Extensions>rc;ico;cur;bmp;dlg;rc2;rct;bin;rgs;gif;jpg;jpeg;jpe;resx;tiff;tif;png;wav</Extensions>
    </Filter>
  </ItemGroup>
  <ItemGroup>
    <ClCompile Include="src\Math\Acomp.cpp">
      <Filter>Source Files</Filter>
    </ClCompile>
    <ClCompile Include="src\Math\Algebra.cpp">
      <Filter>Source Files</Filter>
    </ClCompile>
    <ClCompile Include="src\Math\BnId.cpp">
      <Filter>Source Files</Filter>
    </ClCompile>
    <ClCompile Include="src\Rendering\CacheGeometryGenerator.cpp">
      <Filter>Source Files</Filter>
    </ClCompile>
    <ClCompile Include="src\Rendering\CacheGeometryHandler.cpp">
      <Filter>Source Files</Filter>
    </ClCompile>
    <ClCompile Include="src\Rendering\CacheGeometryRenderer.cpp">
      <Filter>Source Files</Filter>
    </ClCompile>
    <ClCompile Include="src\Instrument\CompAssembly.cpp">
      <Filter>Source Files</Filter>
    </ClCompile>
    <ClCompile Include="src\Instrument\Component.cpp">
      <Filter>Source Files</Filter>
    </ClCompile>
    <ClCompile Include="src\Surfaces\Cone.cpp">
      <Filter>Source Files</Filter>
    </ClCompile>
    <ClCompile Include="src\Surfaces\Cylinder.cpp">
      <Filter>Source Files</Filter>
    </ClCompile>
    <ClCompile Include="src\Instrument\Detector.cpp">
      <Filter>Source Files</Filter>
    </ClCompile>
    <ClCompile Include="src\Instrument\DetectorGroup.cpp">
      <Filter>Source Files</Filter>
    </ClCompile>
    <ClCompile Include="src\Instrument\FitParameter.cpp">
      <Filter>Source Files</Filter>
    </ClCompile>
    <ClCompile Include="src\Surfaces\General.cpp">
      <Filter>Source Files</Filter>
    </ClCompile>
    <ClCompile Include="src\Rendering\GeometryHandler.cpp">
      <Filter>Source Files</Filter>
    </ClCompile>
    <ClCompile Include="src\Rendering\GluGeometryHandler.cpp">
      <Filter>Source Files</Filter>
    </ClCompile>
    <ClCompile Include="src\Rendering\GluGeometryRenderer.cpp">
      <Filter>Source Files</Filter>
    </ClCompile>
    <ClCompile Include="src\IDetector.cpp">
      <Filter>Source Files</Filter>
    </ClCompile>
    <ClCompile Include="src\IObjComponent.cpp">
      <Filter>Source Files</Filter>
    </ClCompile>
    <ClCompile Include="src\Surfaces\Line.cpp">
      <Filter>Source Files</Filter>
    </ClCompile>
    <ClCompile Include="src\Surfaces\LineIntersectVisit.cpp">
      <Filter>Source Files</Filter>
    </ClCompile>
    <ClCompile Include="src\Objects\Material.cpp">
      <Filter>Source Files</Filter>
    </ClCompile>
    <ClCompile Include="src\Math\mathSupport.cpp">
      <Filter>Source Files</Filter>
    </ClCompile>
    <ClCompile Include="src\Math\Matrix.cpp">
      <Filter>Source Files</Filter>
    </ClCompile>
    <ClCompile Include="src\Math\MatrixBase.cpp">
      <Filter>Source Files</Filter>
    </ClCompile>
    <ClCompile Include="src\Instrument\ObjComponent.cpp">
      <Filter>Source Files</Filter>
    </ClCompile>
    <ClCompile Include="src\Objects\Object.cpp">
      <Filter>Source Files</Filter>
    </ClCompile>
    <ClCompile Include="src\Rendering\OCGeometryGenerator.cpp">
      <Filter>Source Files</Filter>
    </ClCompile>
    <ClCompile Include="src\Rendering\OCGeometryHandler.cpp">
      <Filter>Source Files</Filter>
    </ClCompile>
    <ClCompile Include="src\Rendering\OCGeometryRenderer.cpp">
      <Filter>Source Files</Filter>
    </ClCompile>
    <ClCompile Include="src\Instrument\Parameter.cpp">
      <Filter>Source Files</Filter>
    </ClCompile>
    <ClCompile Include="src\Instrument\ParameterMap.cpp">
      <Filter>Source Files</Filter>
    </ClCompile>
    <ClCompile Include="src\Instrument\ParametrizedComponent.cpp">
      <Filter>Source Files</Filter>
    </ClCompile>
    <ClCompile Include="src\Instrument\ParCompAssembly.cpp">
      <Filter>Source Files</Filter>
    </ClCompile>
    <ClCompile Include="src\Instrument\ParComponentFactory.cpp">
      <Filter>Source Files</Filter>
    </ClCompile>
    <ClCompile Include="src\Instrument\ParDetector.cpp">
      <Filter>Source Files</Filter>
    </ClCompile>
    <ClCompile Include="src\Instrument\ParObjComponent.cpp">
      <Filter>Source Files</Filter>
    </ClCompile>
    <ClCompile Include="src\Surfaces\Plane.cpp">
      <Filter>Source Files</Filter>
    </ClCompile>
    <ClCompile Include="src\Math\PolyBase.cpp">
      <Filter>Source Files</Filter>
    </ClCompile>
    <ClCompile Include="src\Math\PolyFunction.cpp">
      <Filter>Source Files</Filter>
    </ClCompile>
    <ClCompile Include="src\Math\PolyVar.cpp">
      <Filter>Source Files</Filter>
    </ClCompile>
    <ClCompile Include="src\Math\PolyVarOne.cpp">
      <Filter>Source Files</Filter>
    </ClCompile>
    <ClCompile Include="src\Surfaces\Quadratic.cpp">
      <Filter>Source Files</Filter>
    </ClCompile>
    <ClCompile Include="src\Quat.cpp">
      <Filter>Source Files</Filter>
    </ClCompile>
    <ClCompile Include="src\Math\RegexSupport.cpp">
      <Filter>Source Files</Filter>
    </ClCompile>
    <ClCompile Include="src\Math\RotCounter.cpp">
      <Filter>Source Files</Filter>
    </ClCompile>
    <ClCompile Include="src\Objects\RuleItems.cpp">
      <Filter>Source Files</Filter>
    </ClCompile>
    <ClCompile Include="src\Objects\Rules.cpp">
      <Filter>Source Files</Filter>
    </ClCompile>
    <ClCompile Include="src\Objects\ShapeFactory.cpp">
      <Filter>Source Files</Filter>
    </ClCompile>
    <ClCompile Include="src\Surfaces\Sphere.cpp">
      <Filter>Source Files</Filter>
    </ClCompile>
    <ClCompile Include="src\Math\SupportGeometry.cpp">
      <Filter>Source Files</Filter>
    </ClCompile>
    <ClCompile Include="src\Surfaces\Surface.cpp">
      <Filter>Source Files</Filter>
    </ClCompile>
    <ClCompile Include="src\Surfaces\SurfaceFactory.cpp">
      <Filter>Source Files</Filter>
    </ClCompile>
    <ClCompile Include="src\Surfaces\Torus.cpp">
      <Filter>Source Files</Filter>
    </ClCompile>
    <ClCompile Include="src\Objects\Track.cpp">
      <Filter>Source Files</Filter>
    </ClCompile>
    <ClCompile Include="src\Math\Triple.cpp">
      <Filter>Source Files</Filter>
    </ClCompile>
    <ClCompile Include="src\V3D.cpp">
      <Filter>Source Files</Filter>
    </ClCompile>
    <ClCompile Include="src\Rendering\vtkGeometryCacheReader.cpp">
      <Filter>Source Files</Filter>
    </ClCompile>
    <ClCompile Include="src\Rendering\vtkGeometryCacheWriter.cpp">
      <Filter>Source Files</Filter>
    </ClCompile>
    <ClCompile Include="src\Objects\BoundingBox.cpp">
      <Filter>Source Files</Filter>
    </ClCompile>
    <ClCompile Include="src\Instrument\RectangularDetector.cpp">
      <Filter>Source Files</Filter>
    </ClCompile>
  </ItemGroup>
  <ItemGroup>
    <ClInclude Include="inc\MantidGeometry\Math\Acomp.h">
      <Filter>Header Files</Filter>
    </ClInclude>
    <ClInclude Include="test\AcompTest.h">
      <Filter>Header Files</Filter>
    </ClInclude>
    <ClInclude Include="inc\MantidGeometry\Math\Algebra.h">
      <Filter>Header Files</Filter>
    </ClInclude>
    <ClInclude Include="test\AlgebraTest.h">
      <Filter>Header Files</Filter>
    </ClInclude>
    <ClInclude Include="auxinc\AuxException.h">
      <Filter>Header Files</Filter>
    </ClInclude>
    <ClInclude Include="inc\MantidGeometry\Surfaces\BaseVisit.h">
      <Filter>Header Files</Filter>
    </ClInclude>
    <ClInclude Include="inc\MantidGeometry\Math\BnId.h">
      <Filter>Header Files</Filter>
    </ClInclude>
    <ClInclude Include="test\BnIdTest.h">
      <Filter>Header Files</Filter>
    </ClInclude>
    <ClInclude Include="inc\MantidGeometry\Rendering\CacheGeometryGenerator.h">
      <Filter>Header Files</Filter>
    </ClInclude>
    <ClInclude Include="inc\MantidGeometry\Rendering\CacheGeometryHandler.h">
      <Filter>Header Files</Filter>
    </ClInclude>
    <ClInclude Include="inc\MantidGeometry\Rendering\CacheGeometryRenderer.h">
      <Filter>Header Files</Filter>
    </ClInclude>
    <ClInclude Include="inc\MantidGeometry\Instrument\CompAssembly.h">
      <Filter>Header Files</Filter>
    </ClInclude>
    <ClInclude Include="test\CompAssemblyTest.h">
      <Filter>Header Files</Filter>
    </ClInclude>
    <ClInclude Include="inc\MantidGeometry\Instrument\Component.h">
      <Filter>Header Files</Filter>
    </ClInclude>
    <ClInclude Include="test\ComponentTest.h">
      <Filter>Header Files</Filter>
    </ClInclude>
    <ClInclude Include="inc\MantidGeometry\Surfaces\Cone.h">
      <Filter>Header Files</Filter>
    </ClInclude>
    <ClInclude Include="test\ConeTest.h">
      <Filter>Header Files</Filter>
    </ClInclude>
    <ClInclude Include="inc\MantidGeometry\Surfaces\Cylinder.h">
      <Filter>Header Files</Filter>
    </ClInclude>
    <ClInclude Include="test\CylinderTest.h">
      <Filter>Header Files</Filter>
    </ClInclude>
    <ClInclude Include="inc\MantidGeometry\Instrument\Detector.h">
      <Filter>Header Files</Filter>
    </ClInclude>
    <ClInclude Include="inc\MantidGeometry\Instrument\DetectorGroup.h">
      <Filter>Header Files</Filter>
    </ClInclude>
    <ClInclude Include="test\DetectorGroupTest.h">
      <Filter>Header Files</Filter>
    </ClInclude>
    <ClInclude Include="test\DetectorTest.h">
      <Filter>Header Files</Filter>
    </ClInclude>
    <ClInclude Include="inc\MantidGeometry\Instrument\FitParameter.h">
      <Filter>Header Files</Filter>
    </ClInclude>
    <ClInclude Include="test\FitParameterTest.h">
      <Filter>Header Files</Filter>
    </ClInclude>
    <ClInclude Include="inc\MantidGeometry\Surfaces\General.h">
      <Filter>Header Files</Filter>
    </ClInclude>
    <ClInclude Include="test\GeneralTest.h">
      <Filter>Header Files</Filter>
    </ClInclude>
    <ClInclude Include="inc\MantidGeometry\Rendering\GeometryHandler.h">
      <Filter>Header Files</Filter>
    </ClInclude>
    <ClInclude Include="inc\MantidGeometry\Rendering\GluGeometryHandler.h">
      <Filter>Header Files</Filter>
    </ClInclude>
    <ClInclude Include="inc\MantidGeometry\Rendering\GluGeometryRenderer.h">
      <Filter>Header Files</Filter>
    </ClInclude>
    <ClInclude Include="inc\MantidGeometry\ICompAssembly.h">
      <Filter>Header Files</Filter>
    </ClInclude>
    <ClInclude Include="inc\MantidGeometry\IComponent.h">
      <Filter>Header Files</Filter>
    </ClInclude>
    <ClInclude Include="inc\MantidGeometry\IDetector.h">
      <Filter>Header Files</Filter>
    </ClInclude>
    <ClInclude Include="auxinc\IndexIterator.h">
      <Filter>Header Files</Filter>
    </ClInclude>
    <ClInclude Include="inc\MantidGeometry\IObjComponent.h">
      <Filter>Header Files</Filter>
    </ClInclude>
    <ClInclude Include="inc\MantidGeometry\Surfaces\Line.h">
      <Filter>Header Files</Filter>
    </ClInclude>
    <ClInclude Include="inc\MantidGeometry\Surfaces\LineIntersectVisit.h">
      <Filter>Header Files</Filter>
    </ClInclude>
    <ClInclude Include="test\LineIntersectVisitTest.h">
      <Filter>Header Files</Filter>
    </ClInclude>
    <ClInclude Include="test\LineTest.h">
      <Filter>Header Files</Filter>
    </ClInclude>
    <ClInclude Include="inc\MantidGeometry\Math\MapSupport.h">
      <Filter>Header Files</Filter>
    </ClInclude>
    <ClInclude Include="test\MapSupportTest.h">
      <Filter>Header Files</Filter>
    </ClInclude>
    <ClInclude Include="inc\MantidGeometry\Objects\Material.h">
      <Filter>Header Files</Filter>
    </ClInclude>
    <ClInclude Include="test\MaterialTest.h">
      <Filter>Header Files</Filter>
    </ClInclude>
    <ClInclude Include="inc\MantidGeometry\Math\mathSupport.h">
      <Filter>Header Files</Filter>
    </ClInclude>
    <ClInclude Include="test\MathSupportTest.h">
      <Filter>Header Files</Filter>
    </ClInclude>
    <ClInclude Include="inc\MantidGeometry\Math\Matrix.h">
      <Filter>Header Files</Filter>
    </ClInclude>
    <ClInclude Include="auxinc\Matrix.h">
      <Filter>Header Files</Filter>
    </ClInclude>
    <ClInclude Include="inc\MantidGeometry\Math\MatrixBase.h">
      <Filter>Header Files</Filter>
    </ClInclude>
    <ClInclude Include="test\MatrixTest.h">
      <Filter>Header Files</Filter>
    </ClInclude>
    <ClInclude Include="inc\MantidGeometry\Instrument\ObjComponent.h">
      <Filter>Header Files</Filter>
    </ClInclude>
    <ClInclude Include="test\ObjComponentTest.h">
      <Filter>Header Files</Filter>
    </ClInclude>
    <ClInclude Include="inc\MantidGeometry\Objects\Object.h">
      <Filter>Header Files</Filter>
    </ClInclude>
    <ClInclude Include="test\ObjectTest.h">
      <Filter>Header Files</Filter>
    </ClInclude>
    <ClInclude Include="inc\MantidGeometry\Rendering\OCGeometryGenerator.h">
      <Filter>Header Files</Filter>
    </ClInclude>
    <ClInclude Include="inc\MantidGeometry\Rendering\OCGeometryHandler.h">
      <Filter>Header Files</Filter>
    </ClInclude>
    <ClInclude Include="inc\MantidGeometry\Rendering\OCGeometryRenderer.h">
      <Filter>Header Files</Filter>
    </ClInclude>
    <ClInclude Include="inc\MantidGeometry\Instrument\Parameter.h">
      <Filter>Header Files</Filter>
    </ClInclude>
    <ClInclude Include="inc\MantidGeometry\Instrument\ParameterFactory.h">
      <Filter>Header Files</Filter>
    </ClInclude>
    <ClInclude Include="inc\MantidGeometry\Instrument\ParameterMap.h">
      <Filter>Header Files</Filter>
    </ClInclude>
    <ClInclude Include="inc\MantidGeometry\Instrument\ParametrizedComponent.h">
      <Filter>Header Files</Filter>
    </ClInclude>
    <ClInclude Include="test\ParametrizedComponentTest.h">
      <Filter>Header Files</Filter>
    </ClInclude>
    <ClInclude Include="inc\MantidGeometry\Instrument\ParCompAssembly.h">
      <Filter>Header Files</Filter>
    </ClInclude>
    <ClInclude Include="test\ParCompAssemblyTest.h">
      <Filter>Header Files</Filter>
    </ClInclude>
    <ClInclude Include="inc\MantidGeometry\Instrument\ParComponentFactory.h">
      <Filter>Header Files</Filter>
    </ClInclude>
    <ClInclude Include="inc\MantidGeometry\Instrument\ParDetector.h">
      <Filter>Header Files</Filter>
    </ClInclude>
    <ClInclude Include="test\ParDetectorTest.h">
      <Filter>Header Files</Filter>
    </ClInclude>
    <ClInclude Include="inc\MantidGeometry\Instrument\ParObjComponent.h">
      <Filter>Header Files</Filter>
    </ClInclude>
    <ClInclude Include="test\ParObjComponentTest.h">
      <Filter>Header Files</Filter>
    </ClInclude>
    <ClInclude Include="inc\MantidGeometry\Surfaces\Plane.h">
      <Filter>Header Files</Filter>
    </ClInclude>
    <ClInclude Include="test\PlaneTest.h">
      <Filter>Header Files</Filter>
    </ClInclude>
    <ClInclude Include="inc\MantidGeometry\Math\PolyBase.h">
      <Filter>Header Files</Filter>
    </ClInclude>
    <ClInclude Include="inc\MantidGeometry\Math\PolyFunction.h">
      <Filter>Header Files</Filter>
    </ClInclude>
    <ClInclude Include="test\PolyTest.h">
      <Filter>Header Files</Filter>
    </ClInclude>
    <ClInclude Include="inc\MantidGeometry\Math\PolyVar.h">
      <Filter>Header Files</Filter>
    </ClInclude>
    <ClInclude Include="inc\MantidGeometry\Surfaces\Quadratic.h">
      <Filter>Header Files</Filter>
    </ClInclude>
    <ClInclude Include="inc\MantidGeometry\Quat.h">
      <Filter>Header Files</Filter>
    </ClInclude>
    <ClInclude Include="test\QuatTest.h">
      <Filter>Header Files</Filter>
    </ClInclude>
    <ClInclude Include="inc\MantidGeometry\Math\RegexSupport.h">
      <Filter>Header Files</Filter>
    </ClInclude>
    <ClInclude Include="test\RegexSupportTest.h">
      <Filter>Header Files</Filter>
    </ClInclude>
    <ClInclude Include="inc\MantidGeometry\Math\RotCounter.h">
      <Filter>Header Files</Filter>
    </ClInclude>
    <ClInclude Include="auxinc\RotCounter.h">
      <Filter>Header Files</Filter>
    </ClInclude>
    <ClInclude Include="test\RotCounterTest.h">
      <Filter>Header Files</Filter>
    </ClInclude>
    <ClInclude Include="inc\MantidGeometry\Objects\Rules.h">
      <Filter>Header Files</Filter>
    </ClInclude>
    <ClInclude Include="test\RulesTest.h">
      <Filter>Header Files</Filter>
    </ClInclude>
    <ClInclude Include="inc\MantidGeometry\Objects\ShapeFactory.h">
      <Filter>Header Files</Filter>
    </ClInclude>
    <ClInclude Include="test\ShapeFactoryTest.h">
      <Filter>Header Files</Filter>
    </ClInclude>
    <ClInclude Include="inc\MantidGeometry\Surfaces\Sphere.h">
      <Filter>Header Files</Filter>
    </ClInclude>
    <ClInclude Include="test\SphereTest.h">
      <Filter>Header Files</Filter>
    </ClInclude>
    <ClInclude Include="inc\MantidGeometry\Surfaces\Surface.h">
      <Filter>Header Files</Filter>
    </ClInclude>
    <ClInclude Include="inc\MantidGeometry\Surfaces\SurfaceFactory.h">
      <Filter>Header Files</Filter>
    </ClInclude>
    <ClInclude Include="test\SurfaceFactoryTest.h">
      <Filter>Header Files</Filter>
    </ClInclude>
    <ClInclude Include="test\SurfaceTest.h">
      <Filter>Header Files</Filter>
    </ClInclude>
    <ClInclude Include="inc\MantidGeometry\Surfaces\Torus.h">
      <Filter>Header Files</Filter>
    </ClInclude>
    <ClInclude Include="test\TorusTest.h">
      <Filter>Header Files</Filter>
    </ClInclude>
    <ClInclude Include="inc\MantidGeometry\Objects\Track.h">
      <Filter>Header Files</Filter>
    </ClInclude>
    <ClInclude Include="test\TrackTest.h">
      <Filter>Header Files</Filter>
    </ClInclude>
    <ClInclude Include="inc\MantidGeometry\Math\Triple.h">
      <Filter>Header Files</Filter>
    </ClInclude>
    <ClInclude Include="test\TripleTest.h">
      <Filter>Header Files</Filter>
    </ClInclude>
    <ClInclude Include="inc\MantidGeometry\V3D.h">
      <Filter>Header Files</Filter>
    </ClInclude>
    <ClInclude Include="test\V3DTest.h">
      <Filter>Header Files</Filter>
    </ClInclude>
    <ClInclude Include="inc\MantidGeometry\Rendering\vtkGeometryCacheReader.h">
      <Filter>Header Files</Filter>
    </ClInclude>
    <ClInclude Include="inc\MantidGeometry\Rendering\vtkGeometryCacheWriter.h">
      <Filter>Header Files</Filter>
    </ClInclude>
    <ClInclude Include="auxinc\XMLattribute.h">
      <Filter>Header Files</Filter>
    </ClInclude>
    <ClInclude Include="auxinc\XMLcollect.h">
      <Filter>Header Files</Filter>
    </ClInclude>
    <ClInclude Include="auxinc\XMLcomment.h">
      <Filter>Header Files</Filter>
    </ClInclude>
    <ClInclude Include="auxinc\XMLcomp.h">
      <Filter>Header Files</Filter>
    </ClInclude>
    <ClInclude Include="auxinc\XMLgrid.h">
      <Filter>Header Files</Filter>
    </ClInclude>
    <ClInclude Include="auxinc\XMLgridSupport.h">
      <Filter>Header Files</Filter>
    </ClInclude>
    <ClInclude Include="auxinc\XMLgroup.h">
      <Filter>Header Files</Filter>
    </ClInclude>
    <ClInclude Include="auxinc\XMLindex.h">
      <Filter>Header Files</Filter>
    </ClInclude>
    <ClInclude Include="auxinc\XMLnamespace.h">
      <Filter>Header Files</Filter>
    </ClInclude>
    <ClInclude Include="auxinc\XMLobject.h">
      <Filter>Header Files</Filter>
    </ClInclude>
    <ClInclude Include="auxinc\XMLpath.h">
      <Filter>Header Files</Filter>
    </ClInclude>
    <ClInclude Include="auxinc\XMLread.h">
      <Filter>Header Files</Filter>
    </ClInclude>
    <ClInclude Include="auxinc\XMLsupport.h">
      <Filter>Header Files</Filter>
    </ClInclude>
    <ClInclude Include="auxinc\XMLvector.h">
      <Filter>Header Files</Filter>
    </ClInclude>
    <ClInclude Include="inc\MantidGeometry\Tolerance.h">
      <Filter>Header Files</Filter>
    </ClInclude>
    <ClInclude Include="inc\MantidGeometry\Rendering\OpenCascadeConfig.h">
      <Filter>Header Files</Filter>
    </ClInclude>
    <ClInclude Include="inc\MantidGeometry\Objects\BoundingBox.h">
      <Filter>Header Files</Filter>
    </ClInclude>
    <ClInclude Include="test\BoundingBoxTest.h">
      <Filter>Header Files</Filter>
    </ClInclude>
    <ClInclude Include="inc\MantidGeometry\Instrument\RectangularDetector.h">
      <Filter>Header Files</Filter>
    </ClInclude>
  </ItemGroup>
  <ItemGroup>
    <None Include="test\ComponentCreationHelpers.hh">
      <Filter>Header Files</Filter>
    </None>
  </ItemGroup>
</Project>