<?xml version="1.0" encoding="utf-8"?>
<Project ToolsVersion="4.0" xmlns="http://schemas.microsoft.com/developer/msbuild/2003">
  <ItemGroup>
    <Filter Include="src">
      <UniqueIdentifier>{4FC737F1-C7A5-4376-A066-2A32D752A2FF}</UniqueIdentifier>
      <Extensions>cpp;c;cc;cxx;def;odl;idl;hpj;bat;asm;asmx</Extensions>
    </Filter>
    <Filter Include="src\GSoap">
      <UniqueIdentifier>{fdf5ffe2-e76e-44b7-ab61-5b94422a87fe}</UniqueIdentifier>
    </Filter>
    <Filter Include="src\GSoapGenerated">
      <UniqueIdentifier>{cc8219bf-be6c-4f5d-853c-83925281ade9}</UniqueIdentifier>
    </Filter>
    <Filter Include="inc">
      <UniqueIdentifier>{93995380-89BD-4b04-88EB-625FBE52EBFB}</UniqueIdentifier>
      <Extensions>h;hpp;hxx;hm;inl;inc;xsd</Extensions>
    </Filter>
    <Filter Include="inc\MantidIcat">
      <UniqueIdentifier>{00ef1f00-5fc9-4b20-9df3-b2e9c549d4ef}</UniqueIdentifier>
    </Filter>
    <Filter Include="inc\MantidIcat\GSoapGenerated">
      <UniqueIdentifier>{50e28b2e-8ed1-45fc-ae41-471559bcfb79}</UniqueIdentifier>
    </Filter>
    <Filter Include="inc\MantidIcat\GSoap">
      <UniqueIdentifier>{fdfed962-3d94-4134-9053-78578090b149}</UniqueIdentifier>
    </Filter>
    <Filter Include="Resource Files">
      <UniqueIdentifier>{67DA6AB6-F800-4c08-8B7A-83BB121AAD01}</UniqueIdentifier>
      <Extensions>rc;ico;cur;bmp;dlg;rc2;rct;bin;rgs;gif;jpg;jpeg;jpe;resx;tiff;tif;png;wav</Extensions>
    </Filter>
    <Filter Include="test">
      <UniqueIdentifier>{fa9e41ae-34b8-42f1-b357-49e59a58b32e}</UniqueIdentifier>
    </Filter>
  </ItemGroup>
  <ItemGroup>
    <ClCompile Include="src\DownloadDataFile.cpp">
      <Filter>src</Filter>
    </ClCompile>
    <ClCompile Include="src\GetDataFiles.cpp">
      <Filter>src</Filter>
    </ClCompile>
    <ClCompile Include="src\GetDataSets.cpp">
      <Filter>src</Filter>
    </ClCompile>
    <ClCompile Include="src\Login.cpp">
      <Filter>src</Filter>
    </ClCompile>
    <ClCompile Include="src\GSoap\stdsoap2.cpp">
      <Filter>src\GSoap</Filter>
    </ClCompile>
    <ClCompile Include="src\GSoapGenerated\soapC.cpp">
      <Filter>src\GSoapGenerated</Filter>
    </ClCompile>
    <ClCompile Include="src\GSoapGenerated\soapICATPortBindingProxy.cpp">
      <Filter>src\GSoapGenerated</Filter>
    </ClCompile>
    <ClCompile Include="src\AdvancedSearch.cpp">
      <Filter>src</Filter>
    </ClCompile>
    <ClCompile Include="src\ListInstruments.cpp">
      <Filter>src</Filter>
    </ClCompile>
    <ClCompile Include="src\ListInvestigationTypes.cpp">
      <Filter>src</Filter>
    </ClCompile>
    <ClCompile Include="src\Logout.cpp">
      <Filter>src</Filter>
    </ClCompile>
    <ClCompile Include="src\MyDataSearch.cpp">
      <Filter>src</Filter>
    </ClCompile>
    <ClCompile Include="src\ICat3Catalog.cpp">
      <Filter>src</Filter>
    </ClCompile>
    <ClCompile Include="src\Search.cpp">
      <Filter>src</Filter>
    </ClCompile>
    <ClCompile Include="src\SearchParam.cpp">
      <Filter>src</Filter>
    </ClCompile>
    <ClCompile Include="src\ICatHelper.cpp">
      <Filter>src</Filter>
    </ClCompile>
    <ClCompile Include="src\ErrorHandling.cpp">
      <Filter>src</Filter>
    </ClCompile>
  </ItemGroup>
  <ItemGroup>
    <ClInclude Include="inc\MantidICat\DownloadDataFile.h">
      <Filter>inc\MantidIcat</Filter>
    </ClInclude>
    <ClInclude Include="inc\MantidICat\ICatExport.h">
      <Filter>inc\MantidIcat</Filter>
    </ClInclude>
    <ClInclude Include="inc\MantidICat\Login.h">
      <Filter>inc\MantidIcat</Filter>
    </ClInclude>
    <ClInclude Include="inc\MantidICat\GSoapGenerated\soapH.h">
      <Filter>inc\MantidIcat\GSoapGenerated</Filter>
    </ClInclude>
    <ClInclude Include="inc\MantidICat\GSoapGenerated\soapICATPortBindingProxy.h">
      <Filter>inc\MantidIcat\GSoapGenerated</Filter>
    </ClInclude>
    <ClInclude Include="inc\MantidICat\GSoapGenerated\soapStub.h">
      <Filter>inc\MantidIcat\GSoapGenerated</Filter>
    </ClInclude>
    <ClInclude Include="inc\MantidICat\GSoap\stdsoap2.h">
      <Filter>inc\MantidIcat\GSoap</Filter>
    </ClInclude>
    <ClInclude Include="test\DownloadDataFileTest.h">
      <Filter>test</Filter>
    </ClInclude>
    <ClInclude Include="test\LoginTest.h">
      <Filter>test</Filter>
    </ClInclude>
    <ClInclude Include="test\SearchByRunNumberTest.h">
      <Filter>test</Filter>
    </ClInclude>
    <ClInclude Include="inc\MantidICat\AdvancedSearch.h">
      <Filter>inc\MantidIcat</Filter>
    </ClInclude>
    <ClInclude Include="inc\MantidICat\GetDataSets.h">
      <Filter>inc\MantidIcat</Filter>
    </ClInclude>
    <ClInclude Include="inc\MantidICat\ErrorHandling.h">
      <Filter>inc\MantidIcat</Filter>
    </ClInclude>
    <ClInclude Include="inc\MantidICat\ListInstruments.h">
      <Filter>inc\MantidIcat</Filter>
    </ClInclude>
    <ClInclude Include="inc\MantidICat\ListInvestigationTypes.h">
      <Filter>inc\MantidIcat</Filter>
    </ClInclude>
    <ClInclude Include="inc\MantidICat\MyDataSearch.h">
      <Filter>inc\MantidIcat</Filter>
    </ClInclude>
    <ClInclude Include="inc\MantidICat\Logout.h">
      <Filter>inc\MantidIcat</Filter>
    </ClInclude>
    <ClInclude Include="inc\MantidICat\GetDataFiles.h">
      <Filter>inc\MantidIcat</Filter>
    </ClInclude>
    <ClInclude Include="inc\MantidICat\ICat3Catalog.h">
      <Filter>inc\MantidIcat</Filter>
    </ClInclude>
    <ClInclude Include="inc\MantidICat\Search.h">
      <Filter>inc\MantidIcat</Filter>
    </ClInclude>
    <ClInclude Include="inc\MantidICat\SearchParam.h">
      <Filter>inc\MantidIcat</Filter>
    </ClInclude>
    <ClInclude Include="inc\MantidICat\ICatHelper.h">
      <Filter>inc\MantidIcat</Filter>
    </ClInclude>
  </ItemGroup>
  <ItemGroup>
    <None Include="ReadMe.txt" />
  </ItemGroup>
</Project>