<?xml version="1.0" encoding="utf-8"?>
<Project ToolsVersion="4.0" xmlns="http://schemas.microsoft.com/developer/msbuild/2003">
  <ItemGroup>
    <Filter Include="Source Files">
      <UniqueIdentifier>{4FC737F1-C7A5-4376-A066-2A32D752A2FF}</UniqueIdentifier>
      <Extensions>cpp;c;cc;cxx;def;odl;idl;hpj;bat;asm;asmx</Extensions>
    </Filter>
    <Filter Include="Header Files">
      <UniqueIdentifier>{93995380-89BD-4b04-88EB-625FBE52EBFB}</UniqueIdentifier>
      <Extensions>h;hpp;hxx;hm;inl;inc;xsd</Extensions>
    </Filter>
    <Filter Include="Resource Files">
      <UniqueIdentifier>{67DA6AB6-F800-4c08-8B7A-83BB121AAD01}</UniqueIdentifier>
      <Extensions>rc;ico;cur;bmp;dlg;rc2;rct;bin;rgs;gif;jpg;jpeg;jpe;resx;tiff;tif;png;wav</Extensions>
    </Filter>
  </ItemGroup>
  <ItemGroup>
    <ClCompile Include="src\AbsorptionCorrection.cpp">
      <Filter>Source Files</Filter>
    </ClCompile>
    <ClCompile Include="src\AddSampleLog.cpp">
      <Filter>Source Files</Filter>
    </ClCompile>
    <ClCompile Include="src\AnyShapeAbsorption.cpp">
      <Filter>Source Files</Filter>
    </ClCompile>
    <ClCompile Include="src\BinaryOperation.cpp">
      <Filter>Source Files</Filter>
    </ClCompile>
    <ClCompile Include="src\CalculateTransmission.cpp">
      <Filter>Source Files</Filter>
    </ClCompile>
    <ClCompile Include="src\ChangeBinOffset.cpp">
      <Filter>Source Files</Filter>
    </ClCompile>
    <ClCompile Include="src\CheckWorkspacesMatch.cpp">
      <Filter>Source Files</Filter>
    </ClCompile>
    <ClCompile Include="src\CloneWorkspace.cpp">
      <Filter>Source Files</Filter>
    </ClCompile>
    <ClCompile Include="src\CommutativeBinaryOperation.cpp">
      <Filter>Source Files</Filter>
    </ClCompile>
    <ClCompile Include="src\ConjoinWorkspaces.cpp">
      <Filter>Source Files</Filter>
    </ClCompile>
    <ClCompile Include="src\ConvertFromDistribution.cpp">
      <Filter>Source Files</Filter>
    </ClCompile>
    <ClCompile Include="src\ConvertSpectrumAxis.cpp">
      <Filter>Source Files</Filter>
    </ClCompile>
    <ClCompile Include="src\ConvertToDistribution.cpp">
      <Filter>Source Files</Filter>
    </ClCompile>
    <ClCompile Include="src\ConvertUnits.cpp">
      <Filter>Source Files</Filter>
    </ClCompile>
    <ClCompile Include="src\CorrectToFile.cpp">
      <Filter>Source Files</Filter>
    </ClCompile>
    <ClCompile Include="src\CreateCalFileByNames.cpp">
      <Filter>Source Files</Filter>
    </ClCompile>
    <ClCompile Include="src\CreateSingleValuedWorkspace.cpp">
      <Filter>Source Files</Filter>
    </ClCompile>
    <ClCompile Include="src\CropWorkspace.cpp">
      <Filter>Source Files</Filter>
    </ClCompile>
    <ClCompile Include="src\CrossCorrelate.cpp">
      <Filter>Source Files</Filter>
    </ClCompile>
    <ClCompile Include="src\CylinderAbsorption.cpp">
      <Filter>Source Files</Filter>
    </ClCompile>
    <ClCompile Include="src\DetectorEfficiencyCor.cpp">
      <Filter>Source Files</Filter>
    </ClCompile>
    <ClCompile Include="src\DetectorEfficiencyVariation.cpp">
      <Filter>Source Files</Filter>
    </ClCompile>
    <ClCompile Include="src\DiffractionFocussing.cpp">
      <Filter>Source Files</Filter>
    </ClCompile>
    <ClCompile Include="src\DiffractionFocussing2.cpp">
      <Filter>Source Files</Filter>
    </ClCompile>
    <ClCompile Include="src\Divide.cpp">
      <Filter>Source Files</Filter>
    </ClCompile>
    <ClCompile Include="src\Exponential.cpp">
      <Filter>Source Files</Filter>
    </ClCompile>
    <ClCompile Include="src\ExponentialCorrection.cpp">
      <Filter>Source Files</Filter>
    </ClCompile>
    <ClCompile Include="src\ExtractSingleSpectrum.cpp">
      <Filter>Source Files</Filter>
    </ClCompile>
    <ClCompile Include="src\FFT.cpp">
      <Filter>Source Files</Filter>
    </ClCompile>
    <ClCompile Include="src\FFTSmooth.cpp">
      <Filter>Source Files</Filter>
    </ClCompile>
    <ClCompile Include="src\FindCenterOfMassPosition.cpp">
      <Filter>Source Files</Filter>
    </ClCompile>
    <ClCompile Include="src\FindDeadDetectors.cpp">
      <Filter>Source Files</Filter>
    </ClCompile>
    <ClCompile Include="src\FindDetectorsOutsideLimits.cpp">
      <Filter>Source Files</Filter>
    </ClCompile>
    <ClCompile Include="src\FindPeaks.cpp">
      <Filter>Source Files</Filter>
    </ClCompile>
    <ClCompile Include="src\FlatBackground.cpp">
      <Filter>Source Files</Filter>
    </ClCompile>
    <ClCompile Include="src\FlatPlateAbsorption.cpp">
      <Filter>Source Files</Filter>
    </ClCompile>
    <ClCompile Include="src\GeneralisedSecondDifference.cpp">
      <Filter>Source Files</Filter>
    </ClCompile>
    <ClCompile Include="src\GetDetectorOffsets.cpp">
      <Filter>Source Files</Filter>
    </ClCompile>
    <ClCompile Include="src\GetEi.cpp">
      <Filter>Source Files</Filter>
    </ClCompile>
    <ClCompile Include="src\GetEi2.cpp">
      <Filter>Source Files</Filter>
    </ClCompile>
    <ClCompile Include="src\HRPDSlabCanAbsorption.cpp">
      <Filter>Source Files</Filter>
    </ClCompile>
    <ClCompile Include="src\InputWSDetectorInfo.cpp">
      <Filter>Source Files</Filter>
    </ClCompile>
    <ClCompile Include="src\InterpolatingRebin.cpp">
      <Filter>Source Files</Filter>
    </ClCompile>
    <ClCompile Include="src\Logarithm.cpp">
      <Filter>Source Files</Filter>
    </ClCompile>
    <ClCompile Include="src\MaskBins.cpp">
      <Filter>Source Files</Filter>
    </ClCompile>
    <ClCompile Include="src\MaskDetectorsIf.cpp">
      <Filter>Source Files</Filter>
    </ClCompile>
    <ClCompile Include="src\Max.cpp">
      <Filter>Source Files</Filter>
    </ClCompile>
    <ClCompile Include="src\MedianDetectorTest.cpp">
      <Filter>Source Files</Filter>
    </ClCompile>
    <ClCompile Include="src\MergeRuns.cpp">
      <Filter>Source Files</Filter>
    </ClCompile>
    <ClCompile Include="src\Minus.cpp">
      <Filter>Source Files</Filter>
    </ClCompile>
    <ClCompile Include="src\Multiply.cpp">
      <Filter>Source Files</Filter>
    </ClCompile>
    <ClCompile Include="src\MultiplyRange.cpp">
      <Filter>Source Files</Filter>
    </ClCompile>
    <ClCompile Include="src\MuonAsymmetryCalc.cpp">
      <Filter>Source Files</Filter>
    </ClCompile>
    <ClCompile Include="src\MuonRemoveExpDecay.cpp">
      <Filter>Source Files</Filter>
    </ClCompile>
    <ClCompile Include="src\NormaliseByCurrent.cpp">
      <Filter>Source Files</Filter>
    </ClCompile>
    <ClCompile Include="src\NormaliseToMonitor.cpp">
      <Filter>Source Files</Filter>
    </ClCompile>
    <ClCompile Include="src\OneMinusExponentialCor.cpp">
      <Filter>Source Files</Filter>
    </ClCompile>
    <ClCompile Include="src\PlotAsymmetryByLogValue.cpp">
      <Filter>Source Files</Filter>
    </ClCompile>
    <ClCompile Include="src\Plus.cpp">
      <Filter>Source Files</Filter>
    </ClCompile>
    <ClCompile Include="src\PointByPointVCorrection.cpp">
      <Filter>Source Files</Filter>
    </ClCompile>
    <ClCompile Include="src\PoissonErrors.cpp">
      <Filter>Source Files</Filter>
    </ClCompile>
    <ClCompile Include="src\PolynomialCorrection.cpp">
      <Filter>Source Files</Filter>
    </ClCompile>
    <ClCompile Include="src\Power.cpp">
      <Filter>Source Files</Filter>
    </ClCompile>
    <ClCompile Include="src\PowerLawCorrection.cpp">
      <Filter>Source Files</Filter>
    </ClCompile>
    <ClCompile Include="src\Q1D.cpp">
      <Filter>Source Files</Filter>
    </ClCompile>
    <ClCompile Include="src\Q1DWeighted.cpp">
      <Filter>Source Files</Filter>
    </ClCompile>
    <ClCompile Include="src\Qxy.cpp">
      <Filter>Source Files</Filter>
    </ClCompile>
    <ClCompile Include="src\ReadGroupsFromFile.cpp">
      <Filter>Source Files</Filter>
    </ClCompile>
    <ClCompile Include="src\RealFFT.cpp">
      <Filter>Source Files</Filter>
    </ClCompile>
    <ClCompile Include="src\RebinToWorkspace.cpp">
      <Filter>Source Files</Filter>
    </ClCompile>
    <ClCompile Include="src\Rebunch.cpp">
      <Filter>Source Files</Filter>
    </ClCompile>
    <ClCompile Include="src\Regroup.cpp">
      <Filter>Source Files</Filter>
    </ClCompile>
    <ClCompile Include="src\RemoveBins.cpp">
      <Filter>Source Files</Filter>
    </ClCompile>
    <ClCompile Include="src\RenameWorkspace.cpp">
      <Filter>Source Files</Filter>
    </ClCompile>
    <ClCompile Include="src\ReplaceSpecialValues.cpp">
      <Filter>Source Files</Filter>
    </ClCompile>
    <ClCompile Include="src\Scale.cpp">
      <Filter>Source Files</Filter>
    </ClCompile>
    <ClCompile Include="src\SimpleIntegration.cpp">
      <Filter>Source Files</Filter>
    </ClCompile>
    <ClCompile Include="src\SmoothData.cpp">
      <Filter>Source Files</Filter>
    </ClCompile>
    <ClCompile Include="src\SofQW.cpp">
      <Filter>Source Files</Filter>
    </ClCompile>
    <ClCompile Include="src\SolidAngle.cpp">
      <Filter>Source Files</Filter>
    </ClCompile>
    <ClCompile Include="src\SolidAngleCorrection.cpp">
      <Filter>Source Files</Filter>
    </ClCompile>
    <ClCompile Include="src\StripPeaks.cpp">
      <Filter>Source Files</Filter>
    </ClCompile>
    <ClCompile Include="src\SumRowColumn.cpp">
      <Filter>Source Files</Filter>
    </ClCompile>
    <ClCompile Include="src\SumSpectra.cpp">
      <Filter>Source Files</Filter>
    </ClCompile>
    <ClCompile Include="src\UnaryOperation.cpp">
      <Filter>Source Files</Filter>
    </ClCompile>
    <ClCompile Include="src\UnGroupWorkspaces.cpp">
      <Filter>Source Files</Filter>
    </ClCompile>
    <ClCompile Include="src\Unwrap.cpp">
      <Filter>Source Files</Filter>
    </ClCompile>
    <ClCompile Include="src\WeightedMean.cpp">
      <Filter>Source Files</Filter>
    </ClCompile>
    <ClCompile Include="src\GroupWorkspaces.cpp">
      <Filter>Header Files</Filter>
    </ClCompile>
    <ClCompile Include="src\ApplyTransmissionCorrection.cpp">
      <Filter>Source Files</Filter>
    </ClCompile>
    <ClCompile Include="src\CalculateEfficiency.cpp">
      <Filter>Source Files</Filter>
    </ClCompile>
    <ClCompile Include="src\CalculateTransmissionBeamSpreader.cpp">
      <Filter>Source Files</Filter>
    </ClCompile>
    <ClCompile Include="src\AlignDetectors.cpp">
      <Filter>Source Files</Filter>
    </ClCompile>
    <ClCompile Include="src\FFTSmooth2.cpp">
      <Filter>Source Files</Filter>
    </ClCompile>
    <ClCompile Include="src\GhostCorrection.cpp">
      <Filter>Source Files</Filter>
    </ClCompile>
    <ClCompile Include="src\MultipleScatteringAbsorption.cpp">
      <Filter>Source Files</Filter>
    </ClCompile>
    <ClCompile Include="src\Rebin.cpp">
      <Filter>Source Files</Filter>
    </ClCompile>
    <ClCompile Include="src\Sort.cpp">
      <Filter>Source Files</Filter>
    </ClCompile>
    <ClCompile Include="src\StripVanadiumPeaks.cpp">
      <Filter>Source Files</Filter>
    </ClCompile>
  </ItemGroup>
  <ItemGroup>
    <ClInclude Include="inc\MantidAlgorithms\AbsorptionCorrection.h">
      <Filter>Header Files</Filter>
    </ClInclude>
    <ClInclude Include="inc\MantidAlgorithms\AddSampleLog.h">
      <Filter>Header Files</Filter>
    </ClInclude>
    <ClInclude Include="test\AddSampleLogTest.h">
      <Filter>Header Files</Filter>
    </ClInclude>
    <ClInclude Include="inc\MantidAlgorithms\AnyShapeAbsorption.h">
      <Filter>Header Files</Filter>
    </ClInclude>
    <ClInclude Include="test\AnyShapeAbsorptionTest.h">
      <Filter>Header Files</Filter>
    </ClInclude>
    <ClInclude Include="inc\MantidAlgorithms\BinaryOperation.h">
      <Filter>Header Files</Filter>
    </ClInclude>
    <ClInclude Include="test\BinaryOperationTest.h">
      <Filter>Header Files</Filter>
    </ClInclude>
    <ClInclude Include="inc\MantidAlgorithms\CalculateTransmission.h">
      <Filter>Header Files</Filter>
    </ClInclude>
    <ClInclude Include="test\CalculateTransmissionTest.h">
      <Filter>Header Files</Filter>
    </ClInclude>
    <ClInclude Include="test\ChainedOperatorTest.h">
      <Filter>Header Files</Filter>
    </ClInclude>
    <ClInclude Include="inc\MantidAlgorithms\ChangeBinOffset.h">
      <Filter>Header Files</Filter>
    </ClInclude>
    <ClInclude Include="test\ChangeBinOffsetTest.h">
      <Filter>Header Files</Filter>
    </ClInclude>
    <ClInclude Include="inc\MantidAlgorithms\CheckWorkspacesMatch.h">
      <Filter>Header Files</Filter>
    </ClInclude>
    <ClInclude Include="test\CheckWorkspacesMatchTest.h">
      <Filter>Header Files</Filter>
    </ClInclude>
    <ClInclude Include="inc\MantidAlgorithms\CloneWorkspace.h">
      <Filter>Header Files</Filter>
    </ClInclude>
    <ClInclude Include="test\CloneWorkspaceTest.h">
      <Filter>Header Files</Filter>
    </ClInclude>
    <ClInclude Include="inc\MantidAlgorithms\CommutativeBinaryOperation.h">
      <Filter>Header Files</Filter>
    </ClInclude>
    <ClInclude Include="test\CommutativeBinaryOperationTest.h">
      <Filter>Header Files</Filter>
    </ClInclude>
    <ClInclude Include="inc\MantidAlgorithms\ConjoinWorkspaces.h">
      <Filter>Header Files</Filter>
    </ClInclude>
    <ClInclude Include="test\ConjoinWorkspacesTest.h">
      <Filter>Header Files</Filter>
    </ClInclude>
    <ClInclude Include="inc\MantidAlgorithms\ConvertFromDistribution.h">
      <Filter>Header Files</Filter>
    </ClInclude>
    <ClInclude Include="test\ConvertFromDistributionTest.h">
      <Filter>Header Files</Filter>
    </ClInclude>
    <ClInclude Include="inc\MantidAlgorithms\ConvertSpectrumAxis.h">
      <Filter>Header Files</Filter>
    </ClInclude>
    <ClInclude Include="test\ConvertSpectrumAxisTest.h">
      <Filter>Header Files</Filter>
    </ClInclude>
    <ClInclude Include="inc\MantidAlgorithms\ConvertToDistribution.h">
      <Filter>Header Files</Filter>
    </ClInclude>
    <ClInclude Include="test\ConvertToDistributionTest.h">
      <Filter>Header Files</Filter>
    </ClInclude>
    <ClInclude Include="inc\MantidAlgorithms\ConvertUnits.h">
      <Filter>Header Files</Filter>
    </ClInclude>
    <ClInclude Include="test\ConvertUnitsTest.h">
      <Filter>Header Files</Filter>
    </ClInclude>
    <ClInclude Include="inc\MantidAlgorithms\CorrectToFile.h">
      <Filter>Header Files</Filter>
    </ClInclude>
    <ClInclude Include="test\CorrectToFileTest.h">
      <Filter>Header Files</Filter>
    </ClInclude>
    <ClInclude Include="inc\MantidAlgorithms\CreateCalFileByNames.h">
      <Filter>Header Files</Filter>
    </ClInclude>
    <ClInclude Include="inc\MantidAlgorithms\CreateSingleValuedWorkspace.h">
      <Filter>Header Files</Filter>
    </ClInclude>
    <ClInclude Include="test\CreateSingleValuedWorkspaceTest.h">
      <Filter>Header Files</Filter>
    </ClInclude>
    <ClInclude Include="inc\MantidAlgorithms\CropWorkspace.h">
      <Filter>Header Files</Filter>
    </ClInclude>
    <ClInclude Include="test\CropWorkspaceTest.h">
      <Filter>Header Files</Filter>
    </ClInclude>
    <ClInclude Include="inc\MantidAlgorithms\CrossCorrelate.h">
      <Filter>Header Files</Filter>
    </ClInclude>
    <ClInclude Include="inc\MantidAlgorithms\CylinderAbsorption.h">
      <Filter>Header Files</Filter>
    </ClInclude>
    <ClInclude Include="test\CylinderAbsorptionTest.h">
      <Filter>Header Files</Filter>
    </ClInclude>
    <ClInclude Include="inc\MantidAlgorithms\DetectorEfficiencyCor.h">
      <Filter>Header Files</Filter>
    </ClInclude>
    <ClInclude Include="test\DetectorEfficiencyCorTest.h">
      <Filter>Header Files</Filter>
    </ClInclude>
    <ClInclude Include="inc\MantidAlgorithms\DetectorEfficiencyVariation.h">
      <Filter>Header Files</Filter>
    </ClInclude>
    <ClInclude Include="test\DetectorEfficiencyVariationTest.h">
      <Filter>Header Files</Filter>
    </ClInclude>
    <ClInclude Include="inc\MantidAlgorithms\DiffractionFocussing.h">
      <Filter>Header Files</Filter>
    </ClInclude>
    <ClInclude Include="inc\MantidAlgorithms\DiffractionFocussing2.h">
      <Filter>Header Files</Filter>
    </ClInclude>
    <ClInclude Include="test\DiffractionFocussing2Test.h">
      <Filter>Header Files</Filter>
    </ClInclude>
    <ClInclude Include="test\DiffractionFocussingTest.h">
      <Filter>Header Files</Filter>
    </ClInclude>
    <ClInclude Include="inc\MantidAlgorithms\Divide.h">
      <Filter>Header Files</Filter>
    </ClInclude>
    <ClInclude Include="test\DivideTest.h">
      <Filter>Header Files</Filter>
    </ClInclude>
    <ClInclude Include="inc\MantidAlgorithms\Exponential.h">
      <Filter>Header Files</Filter>
    </ClInclude>
    <ClInclude Include="inc\MantidAlgorithms\ExponentialCorrection.h">
      <Filter>Header Files</Filter>
    </ClInclude>
    <ClInclude Include="test\ExponentialTest.h">
      <Filter>Header Files</Filter>
    </ClInclude>
    <ClInclude Include="inc\MantidAlgorithms\ExtractSingleSpectrum.h">
      <Filter>Header Files</Filter>
    </ClInclude>
    <ClInclude Include="inc\MantidAlgorithms\FFT.h">
      <Filter>Header Files</Filter>
    </ClInclude>
    <ClInclude Include="inc\MantidAlgorithms\FFTSmooth.h">
      <Filter>Header Files</Filter>
    </ClInclude>
    <ClInclude Include="inc\MantidAlgorithms\FindCenterOfMassPosition.h">
      <Filter>Header Files</Filter>
    </ClInclude>
    <ClInclude Include="inc\MantidAlgorithms\FindDeadDetectors.h">
      <Filter>Header Files</Filter>
    </ClInclude>
    <ClInclude Include="test\FindDeadDetectorsTest.h">
      <Filter>Header Files</Filter>
    </ClInclude>
    <ClInclude Include="inc\MantidAlgorithms\FindDetectorsOutsideLimits.h">
      <Filter>Header Files</Filter>
    </ClInclude>
    <ClInclude Include="test\FindDetectorsOutsideLimitsTest.h">
      <Filter>Header Files</Filter>
    </ClInclude>
    <ClInclude Include="inc\MantidAlgorithms\FindPeaks.h">
      <Filter>Header Files</Filter>
    </ClInclude>
    <ClInclude Include="test\FindPeaksTest.h">
      <Filter>Header Files</Filter>
    </ClInclude>
    <ClInclude Include="inc\MantidAlgorithms\FlatBackground.h">
      <Filter>Header Files</Filter>
    </ClInclude>
    <ClInclude Include="test\FlatBackgroundTest.h">
      <Filter>Header Files</Filter>
    </ClInclude>
    <ClInclude Include="inc\MantidAlgorithms\FlatPlateAbsorption.h">
      <Filter>Header Files</Filter>
    </ClInclude>
    <ClInclude Include="inc\MantidAlgorithms\GeneralisedSecondDifference.h">
      <Filter>Header Files</Filter>
    </ClInclude>
    <ClInclude Include="inc\MantidAlgorithms\GetDetectorOffsets.h">
      <Filter>Header Files</Filter>
    </ClInclude>
    <ClInclude Include="inc\MantidAlgorithms\GetEi.h">
      <Filter>Header Files</Filter>
    </ClInclude>
    <ClInclude Include="inc\MantidAlgorithms\GetEi2.h">
      <Filter>Header Files</Filter>
    </ClInclude>
    <ClInclude Include="test\getEitest.h">
      <Filter>Header Files</Filter>
    </ClInclude>
    <ClInclude Include="inc\MantidAlgorithms\GroupWorkspaces.h">
      <Filter>Header Files</Filter>
    </ClInclude>
    <ClInclude Include="inc\MantidAlgorithms\HRPDSlabCanAbsorption.h">
      <Filter>Header Files</Filter>
    </ClInclude>
    <ClInclude Include="inc\MantidAlgorithms\InputWSDetectorInfo.h">
      <Filter>Header Files</Filter>
    </ClInclude>
    <ClInclude Include="inc\MantidAlgorithms\InterpolatingRebin.h">
      <Filter>Header Files</Filter>
    </ClInclude>
    <ClInclude Include="inc\MantidAlgorithms\Logarithm.h">
      <Filter>Header Files</Filter>
    </ClInclude>
    <ClInclude Include="test\LogarithmTest.h">
      <Filter>Header Files</Filter>
    </ClInclude>
    <ClInclude Include="inc\MantidAlgorithms\MaskBins.h">
      <Filter>Header Files</Filter>
    </ClInclude>
    <ClInclude Include="inc\MantidAlgorithms\MaskDetectorsIf.h">
      <Filter>Header Files</Filter>
    </ClInclude>
    <ClInclude Include="inc\MantidAlgorithms\Max.h">
      <Filter>Header Files</Filter>
    </ClInclude>
    <ClInclude Include="inc\MantidAlgorithms\MedianDetectorTest.h">
      <Filter>Header Files</Filter>
    </ClInclude>
    <ClInclude Include="test\MedianDetectorTestTest.h">
      <Filter>Header Files</Filter>
    </ClInclude>
    <ClInclude Include="inc\MantidAlgorithms\MergeRuns.h">
      <Filter>Header Files</Filter>
    </ClInclude>
    <ClInclude Include="test\MergeRunsTest.h">
      <Filter>Header Files</Filter>
    </ClInclude>
    <ClInclude Include="inc\MantidAlgorithms\Minus.h">
      <Filter>Header Files</Filter>
    </ClInclude>
    <ClInclude Include="test\MinusTest.h">
      <Filter>Header Files</Filter>
    </ClInclude>
    <ClInclude Include="inc\MantidAlgorithms\Multiply.h">
      <Filter>Header Files</Filter>
    </ClInclude>
    <ClInclude Include="inc\MantidAlgorithms\MultiplyRange.h">
      <Filter>Header Files</Filter>
    </ClInclude>
    <ClInclude Include="test\MultiplyTest.h">
      <Filter>Header Files</Filter>
    </ClInclude>
    <ClInclude Include="inc\MantidAlgorithms\MuonAsymmetryCalc.h">
      <Filter>Header Files</Filter>
    </ClInclude>
    <ClInclude Include="test\MuonAsymmetryCalcTest.h">
      <Filter>Header Files</Filter>
    </ClInclude>
    <ClInclude Include="inc\MantidAlgorithms\MuonRemoveExpDecay.h">
      <Filter>Header Files</Filter>
    </ClInclude>
    <ClInclude Include="test\MuonRemoveExpDecayTest.h">
      <Filter>Header Files</Filter>
    </ClInclude>
    <ClInclude Include="inc\MantidAlgorithms\NormaliseByCurrent.h">
      <Filter>Header Files</Filter>
    </ClInclude>
    <ClInclude Include="test\NormaliseByCurrentTest.h">
      <Filter>Header Files</Filter>
    </ClInclude>
    <ClInclude Include="inc\MantidAlgorithms\NormaliseToMonitor.h">
      <Filter>Header Files</Filter>
    </ClInclude>
    <ClInclude Include="test\NormaliseToMonitorTest.h">
      <Filter>Header Files</Filter>
    </ClInclude>
    <ClInclude Include="inc\MantidAlgorithms\OneMinusExponentialCor.h">
      <Filter>Header Files</Filter>
    </ClInclude>
    <ClInclude Include="inc\MantidAlgorithms\PlotAsymmetryByLogValue.h">
      <Filter>Header Files</Filter>
    </ClInclude>
    <ClInclude Include="inc\MantidAlgorithms\Plus.h">
      <Filter>Header Files</Filter>
    </ClInclude>
    <ClInclude Include="test\PlusTest.h">
      <Filter>Header Files</Filter>
    </ClInclude>
    <ClInclude Include="inc\MantidAlgorithms\PointByPointVCorrection.h">
      <Filter>Header Files</Filter>
    </ClInclude>
    <ClInclude Include="inc\MantidAlgorithms\PoissonErrors.h">
      <Filter>Header Files</Filter>
    </ClInclude>
    <ClInclude Include="test\PoissonErrorsTest.h">
      <Filter>Header Files</Filter>
    </ClInclude>
    <ClInclude Include="inc\MantidAlgorithms\PolynomialCorrection.h">
      <Filter>Header Files</Filter>
    </ClInclude>
    <ClInclude Include="inc\MantidAlgorithms\Power.h">
      <Filter>Header Files</Filter>
    </ClInclude>
    <ClInclude Include="inc\MantidAlgorithms\PowerLawCorrection.h">
      <Filter>Header Files</Filter>
    </ClInclude>
    <ClInclude Include="test\PowerLawCorrectionTest.h">
      <Filter>Header Files</Filter>
    </ClInclude>
    <ClInclude Include="inc\MantidAlgorithms\Q1D.h">
      <Filter>Header Files</Filter>
    </ClInclude>
    <ClInclude Include="inc\MantidAlgorithms\Q1DWeighted.h">
      <Filter>Header Files</Filter>
    </ClInclude>
    <ClInclude Include="inc\MantidAlgorithms\Qxy.h">
      <Filter>Header Files</Filter>
    </ClInclude>
    <ClInclude Include="test\QxyTest.h">
      <Filter>Header Files</Filter>
    </ClInclude>
    <ClInclude Include="inc\MantidAlgorithms\ReadGroupsFromFile.h">
      <Filter>Header Files</Filter>
    </ClInclude>
    <ClInclude Include="inc\MantidAlgorithms\RealFFT.h">
      <Filter>Header Files</Filter>
    </ClInclude>
    <ClInclude Include="inc\MantidAlgorithms\RebinToWorkspace.h">
      <Filter>Header Files</Filter>
    </ClInclude>
    <ClInclude Include="test\RebinToWorkspaceTest.h">
      <Filter>Header Files</Filter>
    </ClInclude>
    <ClInclude Include="inc\MantidAlgorithms\Rebunch.h">
      <Filter>Header Files</Filter>
    </ClInclude>
    <ClInclude Include="test\RebunchTest.h">
      <Filter>Header Files</Filter>
    </ClInclude>
    <ClInclude Include="inc\MantidAlgorithms\Regroup.h">
      <Filter>Header Files</Filter>
    </ClInclude>
    <ClInclude Include="test\RegroupTest.h">
      <Filter>Header Files</Filter>
    </ClInclude>
    <ClInclude Include="inc\MantidAlgorithms\RemoveBins.h">
      <Filter>Header Files</Filter>
    </ClInclude>
    <ClInclude Include="test\RemoveBinsTest.h">
      <Filter>Header Files</Filter>
    </ClInclude>
    <ClInclude Include="inc\MantidAlgorithms\RenameWorkspace.h">
      <Filter>Header Files</Filter>
    </ClInclude>
    <ClInclude Include="test\RenameWorkspaceTest.h">
      <Filter>Header Files</Filter>
    </ClInclude>
    <ClInclude Include="inc\MantidAlgorithms\ReplaceSpecialValues.h">
      <Filter>Header Files</Filter>
    </ClInclude>
    <ClInclude Include="test\ReplaceSpecialValuesTest.h">
      <Filter>Header Files</Filter>
    </ClInclude>
    <ClInclude Include="inc\MantidAlgorithms\Scale.h">
      <Filter>Header Files</Filter>
    </ClInclude>
    <ClInclude Include="inc\MantidAlgorithms\SimpleIntegration.h">
      <Filter>Header Files</Filter>
    </ClInclude>
    <ClInclude Include="test\SimpleIntegrationTest.h">
      <Filter>Header Files</Filter>
    </ClInclude>
    <ClInclude Include="test\SimpleRebinTest.h">
      <Filter>Header Files</Filter>
    </ClInclude>
    <ClInclude Include="inc\MantidAlgorithms\SmoothData.h">
      <Filter>Header Files</Filter>
    </ClInclude>
    <ClInclude Include="test\SmoothDataTest.h">
      <Filter>Header Files</Filter>
    </ClInclude>
    <ClInclude Include="inc\MantidAlgorithms\SofQW.h">
      <Filter>Header Files</Filter>
    </ClInclude>
    <ClInclude Include="inc\MantidAlgorithms\SolidAngle.h">
      <Filter>Header Files</Filter>
    </ClInclude>
    <ClInclude Include="inc\MantidAlgorithms\SolidAngleCorrection.h">
      <Filter>Header Files</Filter>
    </ClInclude>
    <ClInclude Include="test\SolidAngleTest.h">
      <Filter>Header Files</Filter>
    </ClInclude>
    <ClInclude Include="inc\MantidAlgorithms\StripPeaks.h">
      <Filter>Header Files</Filter>
    </ClInclude>
    <ClInclude Include="test\StripPeaksTest.h">
      <Filter>Header Files</Filter>
    </ClInclude>
    <ClInclude Include="inc\MantidAlgorithms\SumRowColumn.h">
      <Filter>Header Files</Filter>
    </ClInclude>
    <ClInclude Include="inc\MantidAlgorithms\SumSpectra.h">
      <Filter>Header Files</Filter>
    </ClInclude>
    <ClInclude Include="test\SumSpectraTest.h">
      <Filter>Header Files</Filter>
    </ClInclude>
    <ClInclude Include="inc\MantidAlgorithms\UnaryOperation.h">
      <Filter>Header Files</Filter>
    </ClInclude>
    <ClInclude Include="inc\MantidAlgorithms\UnGroupWorkspaces.h">
      <Filter>Header Files</Filter>
    </ClInclude>
    <ClInclude Include="inc\MantidAlgorithms\Unwrap.h">
      <Filter>Header Files</Filter>
    </ClInclude>
    <ClInclude Include="test\UnwrapTest.h">
      <Filter>Header Files</Filter>
    </ClInclude>
    <ClInclude Include="inc\MantidAlgorithms\WeightedMean.h">
      <Filter>Header Files</Filter>
    </ClInclude>
    <ClInclude Include="inc\mantidalgorithms\applytransmissioncorrection.h">
      <Filter>Header Files</Filter>
    </ClInclude>
    <ClInclude Include="inc\mantidalgorithms\calculateefficiency.h">
      <Filter>Header Files</Filter>
    </ClInclude>
    <ClInclude Include="inc\mantidalgorithms\calculatetransmissionbeamspreader.h">
      <Filter>Header Files</Filter>
    </ClInclude>
    <ClInclude Include="inc\MantidDataHandling\AlignDetectors.h">
      <Filter>Header Files</Filter>
    </ClInclude>
    <ClInclude Include="inc\MantidAlgorithms\AlignDetectors.h">
      <Filter>Header Files</Filter>
    </ClInclude>
    <ClInclude Include="inc\MantidAlgorithms\FFTSmooth2.h">
      <Filter>Header Files</Filter>
    </ClInclude>
    <ClInclude Include="inc\MantidAlgorithms\GhostCorrection.h">
      <Filter>Header Files</Filter>
    </ClInclude>
    <ClInclude Include="inc\MantidAlgorithms\MultipleScatteringAbsorption.h">
      <Filter>Header Files</Filter>
    </ClInclude>
    <ClInclude Include="inc\MantidAlgorithms\Rebin.h">
      <Filter>Header Files</Filter>
    </ClInclude>
    <ClInclude Include="inc\MantidAlgorithms\Sort.h">
      <Filter>Header Files</Filter>
    </ClInclude>
    <ClInclude Include="inc\MantidAlgorithms\StripVanadiumPeaks.h">
      <Filter>Header Files</Filter>
    </ClInclude>
  </ItemGroup>
  <ItemGroup>
    <None Include="test\WorkspaceCreationHelper.hh" />
  </ItemGroup>
</Project>