
Microsoft Visual Studio Solution File, Format Version 9.00
# Visual Studio 2005
Project("{8BC9CEB8-8B4A-11D0-8D11-00A0C91BC942}") = "Kernel", "Kernel\Kernel.vcproj", "{902CB04F-8893-4FE8-83B8-09F9DB20A82A}"
EndProject
Project("{8BC9CEB8-8B4A-11D0-8D11-00A0C91BC942}") = "Algorithms", "Algorithms\Algorithms.vcproj", "{44AAB5BE-B672-4B26-A472-1FC3FFB896AF}"
	ProjectSection(ProjectDependencies) = postProject
		{902CB04F-8893-4FE8-83B8-09F9DB20A82A} = {902CB04F-8893-4FE8-83B8-09F9DB20A82A}
		{F1EB475D-8936-49E5-AC28-3B3830483487} = {F1EB475D-8936-49E5-AC28-3B3830483487}
		{AD0CD585-694E-4367-B7D0-2F16C4EF59F8} = {AD0CD585-694E-4367-B7D0-2F16C4EF59F8}
		{C38A9DC2-8320-49AA-909D-955CB37FD8F3} = {C38A9DC2-8320-49AA-909D-955CB37FD8F3}
	EndProjectSection
EndProject
Project("{8BC9CEB8-8B4A-11D0-8D11-00A0C91BC942}") = "DataObjects", "DataObjects\DataObjects.vcproj", "{C38A9DC2-8320-49AA-909D-955CB37FD8F3}"
	ProjectSection(ProjectDependencies) = postProject
		{902CB04F-8893-4FE8-83B8-09F9DB20A82A} = {902CB04F-8893-4FE8-83B8-09F9DB20A82A}
		{F1EB475D-8936-49E5-AC28-3B3830483487} = {F1EB475D-8936-49E5-AC28-3B3830483487}
		{AD0CD585-694E-4367-B7D0-2F16C4EF59F8} = {AD0CD585-694E-4367-B7D0-2F16C4EF59F8}
	EndProjectSection
EndProject
Project("{8BC9CEB8-8B4A-11D0-8D11-00A0C91BC942}") = "DataHandling", "DataHandling\DataHandling.vcproj", "{296392B7-E931-4821-A68D-3412E7DD554A}"
	ProjectSection(ProjectDependencies) = postProject
		{902CB04F-8893-4FE8-83B8-09F9DB20A82A} = {902CB04F-8893-4FE8-83B8-09F9DB20A82A}
		{F1EB475D-8936-49E5-AC28-3B3830483487} = {F1EB475D-8936-49E5-AC28-3B3830483487}
		{AD0CD585-694E-4367-B7D0-2F16C4EF59F8} = {AD0CD585-694E-4367-B7D0-2F16C4EF59F8}
		{C38A9DC2-8320-49AA-909D-955CB37FD8F3} = {C38A9DC2-8320-49AA-909D-955CB37FD8F3}
	EndProjectSection
EndProject
Project("{8BC9CEB8-8B4A-11D0-8D11-00A0C91BC942}") = "Main", "Main\Main.vcproj", "{8214A04F-8650-49FC-8547-FD2716855980}"
	ProjectSection(ProjectDependencies) = postProject
		{902CB04F-8893-4FE8-83B8-09F9DB20A82A} = {902CB04F-8893-4FE8-83B8-09F9DB20A82A}
		{F1EB475D-8936-49E5-AC28-3B3830483487} = {F1EB475D-8936-49E5-AC28-3B3830483487}
		{AD0CD585-694E-4367-B7D0-2F16C4EF59F8} = {AD0CD585-694E-4367-B7D0-2F16C4EF59F8}
		{296392B7-E931-4821-A68D-3412E7DD554A} = {296392B7-E931-4821-A68D-3412E7DD554A}
		{44AAB5BE-B672-4B26-A472-1FC3FFB896AF} = {44AAB5BE-B672-4B26-A472-1FC3FFB896AF}
		{C38A9DC2-8320-49AA-909D-955CB37FD8F3} = {C38A9DC2-8320-49AA-909D-955CB37FD8F3}
		{E808B8DF-DE3A-45B2-A163-12F57C13624C} = {E808B8DF-DE3A-45B2-A163-12F57C13624C}
	EndProjectSection
EndProject
Project("{8BC9CEB8-8B4A-11D0-8D11-00A0C91BC942}") = "Geometry", "Geometry\Geometry.vcproj", "{F1EB475D-8936-49E5-AC28-3B3830483487}"
	ProjectSection(ProjectDependencies) = postProject
		{902CB04F-8893-4FE8-83B8-09F9DB20A82A} = {902CB04F-8893-4FE8-83B8-09F9DB20A82A}
	EndProjectSection
EndProject
Project("{8BC9CEB8-8B4A-11D0-8D11-00A0C91BC942}") = "API", "API\API.vcproj", "{AD0CD585-694E-4367-B7D0-2F16C4EF59F8}"
	ProjectSection(ProjectDependencies) = postProject
		{902CB04F-8893-4FE8-83B8-09F9DB20A82A} = {902CB04F-8893-4FE8-83B8-09F9DB20A82A}
		{F1EB475D-8936-49E5-AC28-3B3830483487} = {F1EB475D-8936-49E5-AC28-3B3830483487}
	EndProjectSection
EndProject
Project("{8BC9CEB8-8B4A-11D0-8D11-00A0C91BC942}") = "PythonAPI", "PythonAPI\PythonAPI.vcproj", "{D9E07A23-6B55-418D-9BE4-CE8378A74030}"
	ProjectSection(ProjectDependencies) = postProject
		{902CB04F-8893-4FE8-83B8-09F9DB20A82A} = {902CB04F-8893-4FE8-83B8-09F9DB20A82A}
		{F1EB475D-8936-49E5-AC28-3B3830483487} = {F1EB475D-8936-49E5-AC28-3B3830483487}
		{AD0CD585-694E-4367-B7D0-2F16C4EF59F8} = {AD0CD585-694E-4367-B7D0-2F16C4EF59F8}
		{296392B7-E931-4821-A68D-3412E7DD554A} = {296392B7-E931-4821-A68D-3412E7DD554A}
		{C38A9DC2-8320-49AA-909D-955CB37FD8F3} = {C38A9DC2-8320-49AA-909D-955CB37FD8F3}
	EndProjectSection
EndProject
Project("{8BC9CEB8-8B4A-11D0-8D11-00A0C91BC942}") = "UserAlgorithms", "UserAlgorithms\UserAlgorithms.vcproj", "{F8A52059-A414-478B-9876-7058E3EAF3F5}"
	ProjectSection(ProjectDependencies) = postProject
		{902CB04F-8893-4FE8-83B8-09F9DB20A82A} = {902CB04F-8893-4FE8-83B8-09F9DB20A82A}
		{AD0CD585-694E-4367-B7D0-2F16C4EF59F8} = {AD0CD585-694E-4367-B7D0-2F16C4EF59F8}
		{AD0CD585-694E-4367-B7D0-2F16C4EF59F8} = {AD0CD585-694E-4367-B7D0-2F16C4EF59F8}
		{44AAB5BE-B672-4B26-A472-1FC3FFB896AF} = {44AAB5BE-B672-4B26-A472-1FC3FFB896AF}
		{44AAB5BE-B672-4B26-A472-1FC3FFB896AF} = {44AAB5BE-B672-4B26-A472-1FC3FFB896AF}
		{C38A9DC2-8320-49AA-909D-955CB37FD8F3} = {C38A9DC2-8320-49AA-909D-955CB37FD8F3}
		{C38A9DC2-8320-49AA-909D-955CB37FD8F3} = {C38A9DC2-8320-49AA-909D-955CB37FD8F3}
		{E808B8DF-DE3A-45B2-A163-12F57C13624C} = {E808B8DF-DE3A-45B2-A163-12F57C13624C}
	EndProjectSection
EndProject
Project("{8BC9CEB8-8B4A-11D0-8D11-00A0C91BC942}") = "Nexus", "Nexus\Nexus.vcproj", "{BE798261-2E8D-4A11-A00A-03693B6606E7}"
	ProjectSection(ProjectDependencies) = postProject
		{902CB04F-8893-4FE8-83B8-09F9DB20A82A} = {902CB04F-8893-4FE8-83B8-09F9DB20A82A}
		{F1EB475D-8936-49E5-AC28-3B3830483487} = {F1EB475D-8936-49E5-AC28-3B3830483487}
		{AD0CD585-694E-4367-B7D0-2F16C4EF59F8} = {AD0CD585-694E-4367-B7D0-2F16C4EF59F8}
		{C38A9DC2-8320-49AA-909D-955CB37FD8F3} = {C38A9DC2-8320-49AA-909D-955CB37FD8F3}
	EndProjectSection
EndProject
Project("{8BC9CEB8-8B4A-11D0-8D11-00A0C91BC942}") = "MatlabAPI", "MatlabAPI\MatlabAPI.vcproj", "{7B3964EB-502D-47A0-974B-11585EE43A92}"
	ProjectSection(ProjectDependencies) = postProject
		{902CB04F-8893-4FE8-83B8-09F9DB20A82A} = {902CB04F-8893-4FE8-83B8-09F9DB20A82A}
		{F1EB475D-8936-49E5-AC28-3B3830483487} = {F1EB475D-8936-49E5-AC28-3B3830483487}
		{AD0CD585-694E-4367-B7D0-2F16C4EF59F8} = {AD0CD585-694E-4367-B7D0-2F16C4EF59F8}
		{296392B7-E931-4821-A68D-3412E7DD554A} = {296392B7-E931-4821-A68D-3412E7DD554A}
	EndProjectSection
EndProject
Project("{8BC9CEB8-8B4A-11D0-8D11-00A0C91BC942}") = "CurveFitting", "CurveFitting\CurveFitting.vcproj", "{E808B8DF-DE3A-45B2-A163-12F57C13624C}"
	ProjectSection(ProjectDependencies) = postProject
		{902CB04F-8893-4FE8-83B8-09F9DB20A82A} = {902CB04F-8893-4FE8-83B8-09F9DB20A82A}
		{AD0CD585-694E-4367-B7D0-2F16C4EF59F8} = {AD0CD585-694E-4367-B7D0-2F16C4EF59F8}
		{C38A9DC2-8320-49AA-909D-955CB37FD8F3} = {C38A9DC2-8320-49AA-909D-955CB37FD8F3}
	EndProjectSection
EndProject
Project("{8BC9CEB8-8B4A-11D0-8D11-00A0C91BC942}") = "Crystal", "Crystal\Crystal.vcproj", "{BD29108E-19DF-46EC-B4CA-1AED47B2A236}"
	ProjectSection(ProjectDependencies) = postProject
		{902CB04F-8893-4FE8-83B8-09F9DB20A82A} = {902CB04F-8893-4FE8-83B8-09F9DB20A82A}
		{F1EB475D-8936-49E5-AC28-3B3830483487} = {F1EB475D-8936-49E5-AC28-3B3830483487}
		{AD0CD585-694E-4367-B7D0-2F16C4EF59F8} = {AD0CD585-694E-4367-B7D0-2F16C4EF59F8}
	EndProjectSection
EndProject
Project("{8BC9CEB8-8B4A-11D0-8D11-00A0C91BC942}") = "ICat", "ICat\ICat.vcproj", "{1DDA04E9-DB1B-41DC-9E7C-7E1661073FAD}"
	ProjectSection(ProjectDependencies) = postProject
		{902CB04F-8893-4FE8-83B8-09F9DB20A82A} = {902CB04F-8893-4FE8-83B8-09F9DB20A82A}
		{AD0CD585-694E-4367-B7D0-2F16C4EF59F8} = {AD0CD585-694E-4367-B7D0-2F16C4EF59F8}
		{C38A9DC2-8320-49AA-909D-955CB37FD8F3} = {C38A9DC2-8320-49AA-909D-955CB37FD8F3}
	EndProjectSection
EndProject
Global
	GlobalSection(SolutionConfigurationPlatforms) = preSolution
		Debug|Win32 = Debug|Win32
		Release|Win32 = Release|Win32
	EndGlobalSection
	GlobalSection(ProjectConfigurationPlatforms) = postSolution
		{902CB04F-8893-4FE8-83B8-09F9DB20A82A}.Debug|Win32.ActiveCfg = Debug|Win32
		{902CB04F-8893-4FE8-83B8-09F9DB20A82A}.Debug|Win32.Build.0 = Debug|Win32
		{902CB04F-8893-4FE8-83B8-09F9DB20A82A}.Release|Win32.ActiveCfg = Release|Win32
		{902CB04F-8893-4FE8-83B8-09F9DB20A82A}.Release|Win32.Build.0 = Release|Win32
		{44AAB5BE-B672-4B26-A472-1FC3FFB896AF}.Debug|Win32.ActiveCfg = Debug|Win32
		{44AAB5BE-B672-4B26-A472-1FC3FFB896AF}.Debug|Win32.Build.0 = Debug|Win32
		{44AAB5BE-B672-4B26-A472-1FC3FFB896AF}.Release|Win32.ActiveCfg = Release|Win32
		{44AAB5BE-B672-4B26-A472-1FC3FFB896AF}.Release|Win32.Build.0 = Release|Win32
		{C38A9DC2-8320-49AA-909D-955CB37FD8F3}.Debug|Win32.ActiveCfg = Debug|Win32
		{C38A9DC2-8320-49AA-909D-955CB37FD8F3}.Debug|Win32.Build.0 = Debug|Win32
		{C38A9DC2-8320-49AA-909D-955CB37FD8F3}.Release|Win32.ActiveCfg = Release|Win32
		{C38A9DC2-8320-49AA-909D-955CB37FD8F3}.Release|Win32.Build.0 = Release|Win32
		{296392B7-E931-4821-A68D-3412E7DD554A}.Debug|Win32.ActiveCfg = Debug|Win32
		{296392B7-E931-4821-A68D-3412E7DD554A}.Debug|Win32.Build.0 = Debug|Win32
		{296392B7-E931-4821-A68D-3412E7DD554A}.Release|Win32.ActiveCfg = Release|Win32
		{296392B7-E931-4821-A68D-3412E7DD554A}.Release|Win32.Build.0 = Release|Win32
		{8214A04F-8650-49FC-8547-FD2716855980}.Debug|Win32.ActiveCfg = Debug|Win32
		{8214A04F-8650-49FC-8547-FD2716855980}.Debug|Win32.Build.0 = Debug|Win32
		{8214A04F-8650-49FC-8547-FD2716855980}.Release|Win32.ActiveCfg = Release|Win32
		{8214A04F-8650-49FC-8547-FD2716855980}.Release|Win32.Build.0 = Release|Win32
		{F1EB475D-8936-49E5-AC28-3B3830483487}.Debug|Win32.ActiveCfg = Debug|Win32
		{F1EB475D-8936-49E5-AC28-3B3830483487}.Debug|Win32.Build.0 = Debug|Win32
		{F1EB475D-8936-49E5-AC28-3B3830483487}.Release|Win32.ActiveCfg = Release|Win32
		{F1EB475D-8936-49E5-AC28-3B3830483487}.Release|Win32.Build.0 = Release|Win32
		{AD0CD585-694E-4367-B7D0-2F16C4EF59F8}.Debug|Win32.ActiveCfg = Debug|Win32
		{AD0CD585-694E-4367-B7D0-2F16C4EF59F8}.Debug|Win32.Build.0 = Debug|Win32
		{AD0CD585-694E-4367-B7D0-2F16C4EF59F8}.Release|Win32.ActiveCfg = Release|Win32
		{AD0CD585-694E-4367-B7D0-2F16C4EF59F8}.Release|Win32.Build.0 = Release|Win32
		{D9E07A23-6B55-418D-9BE4-CE8378A74030}.Debug|Win32.ActiveCfg = Debug|Win32
		{D9E07A23-6B55-418D-9BE4-CE8378A74030}.Debug|Win32.Build.0 = Debug|Win32
		{D9E07A23-6B55-418D-9BE4-CE8378A74030}.Release|Win32.ActiveCfg = Release|Win32
		{D9E07A23-6B55-418D-9BE4-CE8378A74030}.Release|Win32.Build.0 = Release|Win32
		{F8A52059-A414-478B-9876-7058E3EAF3F5}.Debug|Win32.ActiveCfg = Debug|Win32
		{F8A52059-A414-478B-9876-7058E3EAF3F5}.Debug|Win32.Build.0 = Debug|Win32
		{F8A52059-A414-478B-9876-7058E3EAF3F5}.Release|Win32.ActiveCfg = Release|Win32
		{F8A52059-A414-478B-9876-7058E3EAF3F5}.Release|Win32.Build.0 = Release|Win32
		{BE798261-2E8D-4A11-A00A-03693B6606E7}.Debug|Win32.ActiveCfg = Debug|Win32
		{BE798261-2E8D-4A11-A00A-03693B6606E7}.Debug|Win32.Build.0 = Debug|Win32
		{BE798261-2E8D-4A11-A00A-03693B6606E7}.Release|Win32.ActiveCfg = Release|Win32
		{BE798261-2E8D-4A11-A00A-03693B6606E7}.Release|Win32.Build.0 = Release|Win32
		{7B3964EB-502D-47A0-974B-11585EE43A92}.Debug|Win32.ActiveCfg = Debug|Win32
		{7B3964EB-502D-47A0-974B-11585EE43A92}.Release|Win32.ActiveCfg = Release|Win32
		{E808B8DF-DE3A-45B2-A163-12F57C13624C}.Debug|Win32.ActiveCfg = Debug|Win32
		{E808B8DF-DE3A-45B2-A163-12F57C13624C}.Debug|Win32.Build.0 = Debug|Win32
		{E808B8DF-DE3A-45B2-A163-12F57C13624C}.Release|Win32.ActiveCfg = Release|Win32
		{E808B8DF-DE3A-45B2-A163-12F57C13624C}.Release|Win32.Build.0 = Release|Win32
		{BD29108E-19DF-46EC-B4CA-1AED47B2A236}.Debug|Win32.ActiveCfg = Debug|Win32
		{BD29108E-19DF-46EC-B4CA-1AED47B2A236}.Release|Win32.ActiveCfg = Release|Win32
		{1DDA04E9-DB1B-41DC-9E7C-7E1661073FAD}.Debug|Win32.ActiveCfg = Debug|Win32
		{1DDA04E9-DB1B-41DC-9E7C-7E1661073FAD}.Debug|Win32.Build.0 = Debug|Win32
		{1DDA04E9-DB1B-41DC-9E7C-7E1661073FAD}.Release|Win32.ActiveCfg = Release|Win32
		{1DDA04E9-DB1B-41DC-9E7C-7E1661073FAD}.Release|Win32.Build.0 = Release|Win32
	EndGlobalSection
	GlobalSection(SolutionProperties) = preSolution
		HideSolutionNode = FALSE
	EndGlobalSection
EndGlobal
