
Microsoft Visual Studio Solution File, Format Version 9.00
# Visual Studio 2005
Project("{8BC9CEB8-8B4A-11D0-8D11-00A0C91BC942}") = "Kernel", "Kernel\Kernel.vcproj", "{902CB04F-8893-4FE8-83B8-09F9DB20A82A}"
EndProject
Project("{8BC9CEB8-8B4A-11D0-8D11-00A0C91BC942}") = "Algorithms", "Algorithms\Algorithms.vcproj", "{44AAB5BE-B672-4B26-A472-1FC3FFB896AF}"
	ProjectSection(ProjectDependencies) = postProject
		{C38A9DC2-8320-49AA-909D-955CB37FD8F3} = {C38A9DC2-8320-49AA-909D-955CB37FD8F3}
		{902CB04F-8893-4FE8-83B8-09F9DB20A82A} = {902CB04F-8893-4FE8-83B8-09F9DB20A82A}
	EndProjectSection
EndProject
Project("{8BC9CEB8-8B4A-11D0-8D11-00A0C91BC942}") = "DataObjects", "DataObjects\DataObjects.vcproj", "{C38A9DC2-8320-49AA-909D-955CB37FD8F3}"
	ProjectSection(ProjectDependencies) = postProject
		{902CB04F-8893-4FE8-83B8-09F9DB20A82A} = {902CB04F-8893-4FE8-83B8-09F9DB20A82A}
	EndProjectSection
EndProject
Project("{8BC9CEB8-8B4A-11D0-8D11-00A0C91BC942}") = "DataHandling", "DataHandling\DataHandling.vcproj", "{296392B7-E931-4821-A68D-3412E7DD554A}"
	ProjectSection(ProjectDependencies) = postProject
		{902CB04F-8893-4FE8-83B8-09F9DB20A82A} = {902CB04F-8893-4FE8-83B8-09F9DB20A82A}
		{C38A9DC2-8320-49AA-909D-955CB37FD8F3} = {C38A9DC2-8320-49AA-909D-955CB37FD8F3}
	EndProjectSection
EndProject
Global
	GlobalSection(SolutionConfigurationPlatforms) = preSolution
		Debug|Win32 = Debug|Win32
		Release|Win32 = Release|Win32
	EndGlobalSection
	GlobalSection(ProjectConfigurationPlatforms) = postSolution
		{902CB04F-8893-4FE8-83B8-09F9DB20A82A}.Debug|Win32.ActiveCfg = Debug|Win32
		{902CB04F-8893-4FE8-83B8-09F9DB20A82A}.Debug|Win32.Build.0 = Debug|Win32
		{902CB04F-8893-4FE8-83B8-09F9DB20A82A}.Release|Win32.ActiveCfg = Release|Win32
		{902CB04F-8893-4FE8-83B8-09F9DB20A82A}.Release|Win32.Build.0 = Release|Win32
		{44AAB5BE-B672-4B26-A472-1FC3FFB896AF}.Debug|Win32.ActiveCfg = Debug|Win32
		{44AAB5BE-B672-4B26-A472-1FC3FFB896AF}.Debug|Win32.Build.0 = Debug|Win32
		{44AAB5BE-B672-4B26-A472-1FC3FFB896AF}.Release|Win32.ActiveCfg = Release|Win32
		{44AAB5BE-B672-4B26-A472-1FC3FFB896AF}.Release|Win32.Build.0 = Release|Win32
		{C38A9DC2-8320-49AA-909D-955CB37FD8F3}.Debug|Win32.ActiveCfg = Debug|Win32
		{C38A9DC2-8320-49AA-909D-955CB37FD8F3}.Debug|Win32.Build.0 = Debug|Win32
		{C38A9DC2-8320-49AA-909D-955CB37FD8F3}.Release|Win32.ActiveCfg = Release|Win32
		{C38A9DC2-8320-49AA-909D-955CB37FD8F3}.Release|Win32.Build.0 = Release|Win32
		{296392B7-E931-4821-A68D-3412E7DD554A}.Debug|Win32.ActiveCfg = Debug|Win32
		{296392B7-E931-4821-A68D-3412E7DD554A}.Release|Win32.ActiveCfg = Release|Win32
		{296392B7-E931-4821-A68D-3412E7DD554A}.Release|Win32.Build.0 = Release|Win32
	EndGlobalSection
	GlobalSection(SolutionProperties) = preSolution
		HideSolutionNode = FALSE
	EndGlobalSection
EndGlobal
