
Microsoft Visual Studio Solution File, Format Version 11.00
# Visual Studio 2010
Project("{8BC9CEB8-8B4A-11D0-8D11-00A0C91BC942}") = "Kernel", "Kernel\Kernel.vcxproj", "{902CB04F-8893-4FE8-83B8-09F9DB20A82A}"
EndProject
Project("{8BC9CEB8-8B4A-11D0-8D11-00A0C91BC942}") = "Algorithms", "Algorithms\Algorithms.vcxproj", "{44AAB5BE-B672-4B26-A472-1FC3FFB896AF}"
EndProject
Project("{8BC9CEB8-8B4A-11D0-8D11-00A0C91BC942}") = "DataObjects", "DataObjects\DataObjects.vcxproj", "{C38A9DC2-8320-49AA-909D-955CB37FD8F3}"
EndProject
Project("{8BC9CEB8-8B4A-11D0-8D11-00A0C91BC942}") = "DataHandling", "DataHandling\DataHandling.vcxproj", "{296392B7-E931-4821-A68D-3412E7DD554A}"
EndProject
Project("{8BC9CEB8-8B4A-11D0-8D11-00A0C91BC942}") = "Main", "Main\Main.vcxproj", "{8214A04F-8650-49FC-8547-FD2716855980}"
EndProject
Project("{8BC9CEB8-8B4A-11D0-8D11-00A0C91BC942}") = "Geometry", "Geometry\Geometry.vcxproj", "{F1EB475D-8936-49E5-AC28-3B3830483487}"
EndProject
Project("{8BC9CEB8-8B4A-11D0-8D11-00A0C91BC942}") = "API", "API\API.vcxproj", "{AD0CD585-694E-4367-B7D0-2F16C4EF59F8}"
EndProject
Project("{8BC9CEB8-8B4A-11D0-8D11-00A0C91BC942}") = "PythonAPI", "PythonAPI\PythonAPI.vcxproj", "{D9E07A23-6B55-418D-9BE4-CE8378A74030}"
EndProject
Project("{8BC9CEB8-8B4A-11D0-8D11-00A0C91BC942}") = "UserAlgorithms", "UserAlgorithms\UserAlgorithms.vcxproj", "{F8A52059-A414-478B-9876-7058E3EAF3F5}"
EndProject
Project("{8BC9CEB8-8B4A-11D0-8D11-00A0C91BC942}") = "Nexus", "Nexus\Nexus.vcxproj", "{BE798261-2E8D-4A11-A00A-03693B6606E7}"
EndProject
Project("{8BC9CEB8-8B4A-11D0-8D11-00A0C91BC942}") = "MatlabAPI", "MatlabAPI\MatlabAPI.vcxproj", "{7B3964EB-502D-47A0-974B-11585EE43A92}"
EndProject
Project("{8BC9CEB8-8B4A-11D0-8D11-00A0C91BC942}") = "CurveFitting", "CurveFitting\CurveFitting.vcxproj", "{E808B8DF-DE3A-45B2-A163-12F57C13624C}"
EndProject
Project("{8BC9CEB8-8B4A-11D0-8D11-00A0C91BC942}") = "Crystal", "Crystal\Crystal.vcxproj", "{BD29108E-19DF-46EC-B4CA-1AED47B2A236}"
EndProject
Project("{8BC9CEB8-8B4A-11D0-8D11-00A0C91BC942}") = "ICat", "ICat\ICat.vcxproj", "{1DDA04E9-DB1B-41DC-9E7C-7E1661073FAD}"
EndProject
Project("{8BC9CEB8-8B4A-11D0-8D11-00A0C91BC942}") = "MDDataObjects", "MDDataObjects\MDDataObjects.vcxproj", "{BB63CA4D-5656-433D-8FD5-75BFD0606C8C}"
EndProject
Global
	GlobalSection(SolutionConfigurationPlatforms) = preSolution
		Debug|Win32 = Debug|Win32
		Debug|x64 = Debug|x64
		Release|Win32 = Release|Win32
		Release|x64 = Release|x64
	EndGlobalSection
	GlobalSection(ProjectConfigurationPlatforms) = postSolution
		{902CB04F-8893-4FE8-83B8-09F9DB20A82A}.Debug|Win32.ActiveCfg = Debug|Win32
		{902CB04F-8893-4FE8-83B8-09F9DB20A82A}.Debug|Win32.Build.0 = Debug|Win32
		{902CB04F-8893-4FE8-83B8-09F9DB20A82A}.Debug|x64.ActiveCfg = Debug|x64
		{902CB04F-8893-4FE8-83B8-09F9DB20A82A}.Debug|x64.Build.0 = Debug|x64
		{902CB04F-8893-4FE8-83B8-09F9DB20A82A}.Release|Win32.ActiveCfg = Release|Win32
		{902CB04F-8893-4FE8-83B8-09F9DB20A82A}.Release|Win32.Build.0 = Release|Win32
		{902CB04F-8893-4FE8-83B8-09F9DB20A82A}.Release|x64.ActiveCfg = Release|x64
		{902CB04F-8893-4FE8-83B8-09F9DB20A82A}.Release|x64.Build.0 = Release|x64
		{44AAB5BE-B672-4B26-A472-1FC3FFB896AF}.Debug|Win32.ActiveCfg = Debug|Win32
		{44AAB5BE-B672-4B26-A472-1FC3FFB896AF}.Debug|Win32.Build.0 = Debug|Win32
		{44AAB5BE-B672-4B26-A472-1FC3FFB896AF}.Debug|x64.ActiveCfg = Debug|x64
		{44AAB5BE-B672-4B26-A472-1FC3FFB896AF}.Debug|x64.Build.0 = Debug|x64
		{44AAB5BE-B672-4B26-A472-1FC3FFB896AF}.Release|Win32.ActiveCfg = Release|Win32
		{44AAB5BE-B672-4B26-A472-1FC3FFB896AF}.Release|Win32.Build.0 = Release|Win32
		{44AAB5BE-B672-4B26-A472-1FC3FFB896AF}.Release|x64.ActiveCfg = Release|x64
		{44AAB5BE-B672-4B26-A472-1FC3FFB896AF}.Release|x64.Build.0 = Release|x64
		{C38A9DC2-8320-49AA-909D-955CB37FD8F3}.Debug|Win32.ActiveCfg = Debug|Win32
		{C38A9DC2-8320-49AA-909D-955CB37FD8F3}.Debug|Win32.Build.0 = Debug|Win32
		{C38A9DC2-8320-49AA-909D-955CB37FD8F3}.Debug|x64.ActiveCfg = Debug|x64
		{C38A9DC2-8320-49AA-909D-955CB37FD8F3}.Debug|x64.Build.0 = Debug|x64
		{C38A9DC2-8320-49AA-909D-955CB37FD8F3}.Release|Win32.ActiveCfg = Release|Win32
		{C38A9DC2-8320-49AA-909D-955CB37FD8F3}.Release|Win32.Build.0 = Release|Win32
		{C38A9DC2-8320-49AA-909D-955CB37FD8F3}.Release|x64.ActiveCfg = Release|x64
		{C38A9DC2-8320-49AA-909D-955CB37FD8F3}.Release|x64.Build.0 = Release|x64
		{296392B7-E931-4821-A68D-3412E7DD554A}.Debug|Win32.ActiveCfg = Debug|Win32
		{296392B7-E931-4821-A68D-3412E7DD554A}.Debug|Win32.Build.0 = Debug|Win32
		{296392B7-E931-4821-A68D-3412E7DD554A}.Debug|x64.ActiveCfg = Debug|x64
		{296392B7-E931-4821-A68D-3412E7DD554A}.Debug|x64.Build.0 = Debug|x64
		{296392B7-E931-4821-A68D-3412E7DD554A}.Release|Win32.ActiveCfg = Release|Win32
		{296392B7-E931-4821-A68D-3412E7DD554A}.Release|Win32.Build.0 = Release|Win32
		{296392B7-E931-4821-A68D-3412E7DD554A}.Release|x64.ActiveCfg = Release|x64
		{296392B7-E931-4821-A68D-3412E7DD554A}.Release|x64.Build.0 = Release|x64
		{8214A04F-8650-49FC-8547-FD2716855980}.Debug|Win32.ActiveCfg = Debug|Win32
		{8214A04F-8650-49FC-8547-FD2716855980}.Debug|Win32.Build.0 = Debug|Win32
		{8214A04F-8650-49FC-8547-FD2716855980}.Debug|x64.ActiveCfg = Debug|x64
		{8214A04F-8650-49FC-8547-FD2716855980}.Debug|x64.Build.0 = Debug|x64
		{8214A04F-8650-49FC-8547-FD2716855980}.Release|Win32.ActiveCfg = Release|Win32
		{8214A04F-8650-49FC-8547-FD2716855980}.Release|Win32.Build.0 = Release|Win32
		{8214A04F-8650-49FC-8547-FD2716855980}.Release|x64.ActiveCfg = Release|x64
		{8214A04F-8650-49FC-8547-FD2716855980}.Release|x64.Build.0 = Release|x64
		{F1EB475D-8936-49E5-AC28-3B3830483487}.Debug|Win32.ActiveCfg = Debug|Win32
		{F1EB475D-8936-49E5-AC28-3B3830483487}.Debug|Win32.Build.0 = Debug|Win32
		{F1EB475D-8936-49E5-AC28-3B3830483487}.Debug|x64.ActiveCfg = Debug|x64
		{F1EB475D-8936-49E5-AC28-3B3830483487}.Debug|x64.Build.0 = Debug|x64
		{F1EB475D-8936-49E5-AC28-3B3830483487}.Release|Win32.ActiveCfg = Release|Win32
		{F1EB475D-8936-49E5-AC28-3B3830483487}.Release|Win32.Build.0 = Release|Win32
		{F1EB475D-8936-49E5-AC28-3B3830483487}.Release|x64.ActiveCfg = Release|x64
		{F1EB475D-8936-49E5-AC28-3B3830483487}.Release|x64.Build.0 = Release|x64
		{AD0CD585-694E-4367-B7D0-2F16C4EF59F8}.Debug|Win32.ActiveCfg = Debug|Win32
		{AD0CD585-694E-4367-B7D0-2F16C4EF59F8}.Debug|Win32.Build.0 = Debug|Win32
		{AD0CD585-694E-4367-B7D0-2F16C4EF59F8}.Debug|x64.ActiveCfg = Debug|x64
		{AD0CD585-694E-4367-B7D0-2F16C4EF59F8}.Debug|x64.Build.0 = Debug|x64
		{AD0CD585-694E-4367-B7D0-2F16C4EF59F8}.Release|Win32.ActiveCfg = Release|Win32
		{AD0CD585-694E-4367-B7D0-2F16C4EF59F8}.Release|Win32.Build.0 = Release|Win32
		{AD0CD585-694E-4367-B7D0-2F16C4EF59F8}.Release|x64.ActiveCfg = Release|x64
		{AD0CD585-694E-4367-B7D0-2F16C4EF59F8}.Release|x64.Build.0 = Release|x64
		{D9E07A23-6B55-418D-9BE4-CE8378A74030}.Debug|Win32.ActiveCfg = Debug|Win32
		{D9E07A23-6B55-418D-9BE4-CE8378A74030}.Debug|Win32.Build.0 = Debug|Win32
		{D9E07A23-6B55-418D-9BE4-CE8378A74030}.Debug|x64.ActiveCfg = Debug|x64
		{D9E07A23-6B55-418D-9BE4-CE8378A74030}.Debug|x64.Build.0 = Debug|x64
		{D9E07A23-6B55-418D-9BE4-CE8378A74030}.Release|Win32.ActiveCfg = Release|Win32
		{D9E07A23-6B55-418D-9BE4-CE8378A74030}.Release|Win32.Build.0 = Release|Win32
		{D9E07A23-6B55-418D-9BE4-CE8378A74030}.Release|x64.ActiveCfg = Release|x64
		{D9E07A23-6B55-418D-9BE4-CE8378A74030}.Release|x64.Build.0 = Release|x64
		{F8A52059-A414-478B-9876-7058E3EAF3F5}.Debug|Win32.ActiveCfg = Debug|Win32
		{F8A52059-A414-478B-9876-7058E3EAF3F5}.Debug|Win32.Build.0 = Debug|Win32
		{F8A52059-A414-478B-9876-7058E3EAF3F5}.Debug|x64.ActiveCfg = Debug|x64
		{F8A52059-A414-478B-9876-7058E3EAF3F5}.Debug|x64.Build.0 = Debug|x64
		{F8A52059-A414-478B-9876-7058E3EAF3F5}.Release|Win32.ActiveCfg = Release|Win32
		{F8A52059-A414-478B-9876-7058E3EAF3F5}.Release|Win32.Build.0 = Release|Win32
		{F8A52059-A414-478B-9876-7058E3EAF3F5}.Release|x64.ActiveCfg = Release|x64
		{F8A52059-A414-478B-9876-7058E3EAF3F5}.Release|x64.Build.0 = Release|x64
		{BE798261-2E8D-4A11-A00A-03693B6606E7}.Debug|Win32.ActiveCfg = Debug|Win32
		{BE798261-2E8D-4A11-A00A-03693B6606E7}.Debug|Win32.Build.0 = Debug|Win32
		{BE798261-2E8D-4A11-A00A-03693B6606E7}.Debug|x64.ActiveCfg = Debug|x64
		{BE798261-2E8D-4A11-A00A-03693B6606E7}.Debug|x64.Build.0 = Debug|x64
		{BE798261-2E8D-4A11-A00A-03693B6606E7}.Release|Win32.ActiveCfg = Release|Win32
		{BE798261-2E8D-4A11-A00A-03693B6606E7}.Release|Win32.Build.0 = Release|Win32
		{BE798261-2E8D-4A11-A00A-03693B6606E7}.Release|x64.ActiveCfg = Release|x64
		{BE798261-2E8D-4A11-A00A-03693B6606E7}.Release|x64.Build.0 = Release|x64
		{7B3964EB-502D-47A0-974B-11585EE43A92}.Debug|Win32.ActiveCfg = Debug|Win32
		{7B3964EB-502D-47A0-974B-11585EE43A92}.Debug|x64.ActiveCfg = Debug|x64
		{7B3964EB-502D-47A0-974B-11585EE43A92}.Release|Win32.ActiveCfg = Release|Win32
		{7B3964EB-502D-47A0-974B-11585EE43A92}.Release|x64.ActiveCfg = Release|x64
		{E808B8DF-DE3A-45B2-A163-12F57C13624C}.Debug|Win32.ActiveCfg = Debug|Win32
		{E808B8DF-DE3A-45B2-A163-12F57C13624C}.Debug|Win32.Build.0 = Debug|Win32
		{E808B8DF-DE3A-45B2-A163-12F57C13624C}.Debug|x64.ActiveCfg = Debug|x64
		{E808B8DF-DE3A-45B2-A163-12F57C13624C}.Debug|x64.Build.0 = Debug|x64
		{E808B8DF-DE3A-45B2-A163-12F57C13624C}.Release|Win32.ActiveCfg = Release|Win32
		{E808B8DF-DE3A-45B2-A163-12F57C13624C}.Release|Win32.Build.0 = Release|Win32
		{E808B8DF-DE3A-45B2-A163-12F57C13624C}.Release|x64.ActiveCfg = Release|x64
		{E808B8DF-DE3A-45B2-A163-12F57C13624C}.Release|x64.Build.0 = Release|x64
		{BD29108E-19DF-46EC-B4CA-1AED47B2A236}.Debug|Win32.ActiveCfg = Debug|Win32
		{BD29108E-19DF-46EC-B4CA-1AED47B2A236}.Debug|x64.ActiveCfg = Debug|x64
		{BD29108E-19DF-46EC-B4CA-1AED47B2A236}.Release|Win32.ActiveCfg = Release|Win32
		{BD29108E-19DF-46EC-B4CA-1AED47B2A236}.Release|x64.ActiveCfg = Release|x64
		{1DDA04E9-DB1B-41DC-9E7C-7E1661073FAD}.Debug|Win32.ActiveCfg = Debug|Win32
		{1DDA04E9-DB1B-41DC-9E7C-7E1661073FAD}.Debug|Win32.Build.0 = Debug|Win32
		{1DDA04E9-DB1B-41DC-9E7C-7E1661073FAD}.Debug|x64.ActiveCfg = Debug|x64
		{1DDA04E9-DB1B-41DC-9E7C-7E1661073FAD}.Debug|x64.Build.0 = Debug|x64
		{1DDA04E9-DB1B-41DC-9E7C-7E1661073FAD}.Release|Win32.ActiveCfg = Release|Win32
		{1DDA04E9-DB1B-41DC-9E7C-7E1661073FAD}.Release|Win32.Build.0 = Release|Win32
		{1DDA04E9-DB1B-41DC-9E7C-7E1661073FAD}.Release|x64.ActiveCfg = Release|x64
		{1DDA04E9-DB1B-41DC-9E7C-7E1661073FAD}.Release|x64.Build.0 = Release|x64
		{BB63CA4D-5656-433D-8FD5-75BFD0606C8C}.Debug|Win32.ActiveCfg = Debug|Win32
		{BB63CA4D-5656-433D-8FD5-75BFD0606C8C}.Debug|x64.ActiveCfg = Debug|x64
		{BB63CA4D-5656-433D-8FD5-75BFD0606C8C}.Release|Win32.ActiveCfg = Release|Win32
		{BB63CA4D-5656-433D-8FD5-75BFD0606C8C}.Release|x64.ActiveCfg = Release|x64
	EndGlobalSection
	GlobalSection(SolutionProperties) = preSolution
		HideSolutionNode = FALSE
	EndGlobalSection
EndGlobal
