<?xml version="1.0" encoding="utf-8"?>
<Project ToolsVersion="4.0" xmlns="http://schemas.microsoft.com/developer/msbuild/2003">
  <ItemGroup>
    <Filter Include="Header Files">
      <UniqueIdentifier>{c3d7079f-459e-4bdf-b8fd-fb2ae521aea9}</UniqueIdentifier>
      <Extensions>h;hpp;hxx;hm;inl;inc;xsd</Extensions>
    </Filter>
    <Filter Include="Source Files">
      <UniqueIdentifier>{4a09d69e-51dc-4ed5-9e95-d65c66a3dc35}</UniqueIdentifier>
      <Extensions>cpp;c;cc;cxx;def;odl;idl;hpj;bat;asm;asmx</Extensions>
    </Filter>
    <Filter Include="tests">
      <UniqueIdentifier>{c2755aaf-2540-4bd5-bf8b-c99278d6f9ad}</UniqueIdentifier>
      <Extensions>test*.h</Extensions>
    </Filter>
  </ItemGroup>
  <ItemGroup>
    <ClCompile Include="src\Dimension.cpp">
      <Filter>Source Files</Filter>
    </ClCompile>
    <ClCompile Include="src\WorkspaceGeometry.cpp">
      <Filter>Source Files</Filter>
    </ClCompile>
    <ClCompile Include="src\DimensionIDS.cpp">
      <Filter>Source Files</Filter>
    </ClCompile>
    <ClCompile Include="src\DimensionRes.cpp">
      <Filter>Source Files</Filter>
    </ClCompile>
    <ClCompile Include="src\stdafx.cpp">
      <Filter>Source Files</Filter>
    </ClCompile>
    <ClCompile Include="src\point3D.cpp">
      <Filter>Source Files</Filter>
    </ClCompile>
    <ClCompile Include="src\MDData.cpp">
      <Filter>Source Files</Filter>
    </ClCompile>
    <ClCompile Include="src\MDGeometry.cpp">
      <Filter>Source Files</Filter>
    </ClCompile>
    <ClCompile Include="src\MD_File_hdfMatlab.cpp">
      <Filter>Source Files</Filter>
    </ClCompile>
    <ClCompile Include="src\MDPixels.cpp">
      <Filter>Source Files</Filter>
    </ClCompile>
    <ClCompile Include="src\Hexahedron.cpp">
      <Filter>Source Files</Filter>
    </ClCompile>
    <ClCompile Include="src\SlicingProperty.cpp">
      <Filter>Source Files</Filter>
    </ClCompile>
    <ClCompile Include="src\MDWorkspace.cpp">
      <Filter>Source Files</Filter>
    </ClCompile>
  </ItemGroup>
  <ItemGroup>
    <ClInclude Include="inc\MDDataObjects\WorkspaceGeometry.h">
      <Filter>Header Files</Filter>
    </ClInclude>
    <ClInclude Include="inc\MDDataObjects\Dimension.h">
      <Filter>Header Files</Filter>
    </ClInclude>
    <ClInclude Include="inc\MDDataObjects\DimensionIDS.h">
      <Filter>Header Files</Filter>
    </ClInclude>
    <ClInclude Include="inc\MDDataObjects\DimensionRes.h">
      <Filter>Header Files</Filter>
    </ClInclude>
    <ClInclude Include="inc\MDDataObjects\Hexahedron.h">
      <Filter>Header Files</Filter>
    </ClInclude>
    <ClInclude Include="inc\MDDataObjects\IMD_FileFormat.h">
      <Filter>Header Files</Filter>
    </ClInclude>
    <ClInclude Include="inc\MDDataObjects\MD_File_hdfMatlab.h">
      <Filter>Header Files</Filter>
    </ClInclude>
    <ClInclude Include="inc\MDDataObjects\MD_File_hdfV1.h">
      <Filter>Header Files</Filter>
    </ClInclude>
    <ClInclude Include="inc\MDDataObjects\MDData.h">
      <Filter>Header Files</Filter>
    </ClInclude>
    <ClInclude Include="inc\MDDataObjects\MDGeometry.h">
      <Filter>Header Files</Filter>
    </ClInclude>
    <ClInclude Include="inc\MDDataObjects\MDPixels.h">
      <Filter>Header Files</Filter>
    </ClInclude>
    <ClInclude Include="inc\MDDataObjects\MDWorkspaceConstants.h">
      <Filter>Header Files</Filter>
    </ClInclude>
    <ClInclude Include="inc\MDDataObjects\point3D.h">
      <Filter>Header Files</Filter>
    </ClInclude>
    <ClInclude Include="inc\MDDataObjects\stdafx.h">
      <Filter>Header Files</Filter>
    </ClInclude>
    <ClInclude Include="test\test_sqw.h">
      <Filter>tests</Filter>
    </ClInclude>
    <ClInclude Include="test\testMDData.h">
      <Filter>tests</Filter>
    </ClInclude>
    <ClInclude Include="test\testMDDimension.h">
      <Filter>tests</Filter>
    </ClInclude>
    <ClInclude Include="test\testMDGeometry.h">
      <Filter>tests</Filter>
    </ClInclude>
    <ClInclude Include="test\testMDPixels.h">
      <Filter>tests</Filter>
    </ClInclude>
    <ClInclude Include="test\testWorkspaceGeometry.h">
      <Filter>tests</Filter>
    </ClInclude>
    <ClInclude Include="inc\MDDataObjects\SlicingProperty.h">
      <Filter>Header Files</Filter>
    </ClInclude>
    <ClInclude Include="inc\MDDataObjects\MDWorkspace.h">
      <Filter>Header Files</Filter>
    </ClInclude>
  </ItemGroup>
  <ItemGroup>
    <None Include="MDDataObjects.vcxproj" />
    <None Include="temp.cd" />
  </ItemGroup>
</Project>